<?xml version="1.0" encoding="utf-8"?>
<Project ToolsVersion="4.0" xmlns="http://schemas.microsoft.com/developer/msbuild/2003">
  <ItemGroup>
    <ClInclude Include="asio_service_deamon.h">
      <Filter>network</Filter>
    </ClInclude>
    <ClInclude Include="io_dispatcher.h">
      <Filter>network</Filter>
    </ClInclude>
    <ClInclude Include="opcodes_handler.h">
      <Filter>network</Filter>
    </ClInclude>
    <ClInclude Include="service_deamon.h">
      <Filter>network</Filter>
    </ClInclude>
    <ClInclude Include="session.h">
      <Filter>network</Filter>
    </ClInclude>
    <ClInclude Include="session_manager.h">
      <Filter>network</Filter>
    </ClInclude>
    <ClInclude Include="game_service.h" />
  </ItemGroup>
  <ItemGroup>
    <ClCompile Include="center_server.cpp" />
    <ClCompile Include="asio_service_deamon.cpp">
      <Filter>network</Filter>
    </ClCompile>
    <ClCompile Include="opcodes_handler.cpp">
      <Filter>network</Filter>
    </ClCompile>
  </ItemGroup>
  <ItemGroup>
    <Filter Include="network">
      <UniqueIdentifier>{46983ab3-028f-4e44-bb4f-e33bf7bbbdcd}</UniqueIdentifier>
    </Filter>
    <Filter Include="obj">
      <UniqueIdentifier>{45fd41eb-bfeb-491e-bf4f-76a338bd84d9}</UniqueIdentifier>
    </Filter>
  </ItemGroup>
</Project>