
Microsoft Visual Studio Solution File, Format Version 12.00
# Visual Studio 2012
Project("{8BC9CEB8-8B4A-11D0-8D11-00A0C91BC942}") = "venus_net", "..\venus_net\venus_net.vcxproj", "{649D1913-E747-4A71-918D-67DE2185BAC3}"
	ProjectSection(ProjectDependencies) = postProject
		{B05C6219-EC9E-4069-B6BF-AAD424D1AB12} = {B05C6219-EC9E-4069-B6BF-AAD424D1AB12}
		{8164D41D-B053-405B-826C-CF37AC0EF176} = {8164D41D-B053-405B-826C-CF37AC0EF176}
		{65640436-02E2-4F34-A247-0F719E93A9D0} = {65640436-02E2-4F34-A247-0F719E93A9D0}
		{FB68BF3D-4925-4773-A937-D04C59627BE3} = {FB68BF3D-4925-4773-A937-D04C59627BE3}
		{9E211743-85FE-4977-82F3-4F04B40C912D} = {9E211743-85FE-4977-82F3-4F04B40C912D}
		{E403A980-08A0-48D7-8C71-671C0E0BC6B9} = {E403A980-08A0-48D7-8C71-671C0E0BC6B9}
		{1A940E93-7F05-4D79-B715-6354D76AC62D} = {1A940E93-7F05-4D79-B715-6354D76AC62D}
		{240E83C3-368D-11DB-9FBC-00123FC423B5} = {240E83C3-368D-11DB-9FBC-00123FC423B5}
		{6FF56CDB-787A-4714-A28C-919003F9FA6C} = {6FF56CDB-787A-4714-A28C-919003F9FA6C}
		{B057A1FE-09F7-465E-B8B5-E1B659051D76} = {B057A1FE-09F7-465E-B8B5-E1B659051D76}
	EndProjectSection
EndProject
Project("{8BC9CEB8-8B4A-11D0-8D11-00A0C91BC942}") = "center_server", "..\center_server\center_server.vcxproj", "{EB736A34-3D57-4F65-AC41-6C021E7C3125}"
	ProjectSection(ProjectDependencies) = postProject
		{649D1913-E747-4A71-918D-67DE2185BAC3} = {649D1913-E747-4A71-918D-67DE2185BAC3}
	EndProjectSection
EndProject
Project("{FAE04EC0-301F-11D3-BF4B-00C04F79EFBC}") = "zeus_mud_wpf_client", "zeus_mud_wpf_client\zeus_mud_wpf_client.csproj", "{63F7861F-A28C-4E5F-BB5A-90F180BF86D8}"
EndProject
Project("{2150E333-8FDC-42A3-9474-1A3956D46DE8}") = "server", "server", "{1DF681D2-19BB-4486-B92B-7404F59F17A5}"
EndProject
Project("{2150E333-8FDC-42A3-9474-1A3956D46DE8}") = "poco", "poco", "{ABDE2631-1F7E-4959-B020-D1762FD1C579}"
EndProject
Project("{2150E333-8FDC-42A3-9474-1A3956D46DE8}") = "client", "client", "{DA8068A2-AA02-4767-B275-613368586013}"
EndProject
Project("{8BC9CEB8-8B4A-11D0-8D11-00A0C91BC942}") = "Net", "..\..\3rdparty\poco\Net\Net_x64_vs110.vcxproj", "{B057A1FE-09F7-465E-B8B5-E1B659051D76}"
	ProjectSection(ProjectDependencies) = postProject
		{8164D41D-B053-405B-826C-CF37AC0EF176} = {8164D41D-B053-405B-826C-CF37AC0EF176}
		{E403A980-08A0-48D7-8C71-671C0E0BC6B9} = {E403A980-08A0-48D7-8C71-671C0E0BC6B9}
	EndProjectSection
EndProject
Project("{8BC9CEB8-8B4A-11D0-8D11-00A0C91BC942}") = "Net", "..\..\3rdparty\poco\Net\Net_vs110.vcxproj", "{1A940E93-7F05-4D79-B715-6354D76AC62D}"
	ProjectSection(ProjectDependencies) = postProject
		{8164D41D-B053-405B-826C-CF37AC0EF176} = {8164D41D-B053-405B-826C-CF37AC0EF176}
		{E403A980-08A0-48D7-8C71-671C0E0BC6B9} = {E403A980-08A0-48D7-8C71-671C0E0BC6B9}
	EndProjectSection
EndProject
Project("{8BC9CEB8-8B4A-11D0-8D11-00A0C91BC942}") = "Foundation", "..\..\3rdparty\poco\Foundation\Foundation_x64_vs110.vcxproj", "{8164D41D-B053-405B-826C-CF37AC0EF176}"
EndProject
Project("{8BC9CEB8-8B4A-11D0-8D11-00A0C91BC942}") = "Foundation", "..\..\3rdparty\poco\Foundation\Foundation_vs110.vcxproj", "{E403A980-08A0-48D7-8C71-671C0E0BC6B9}"
EndProject
Project("{8BC9CEB8-8B4A-11D0-8D11-00A0C91BC942}") = "Util", "..\..\3rdparty\poco\Util\Util_x64_vs110.vcxproj", "{6FF56CDB-787A-4714-A28C-919003F9FA6C}"
	ProjectSection(ProjectDependencies) = postProject
		{8164D41D-B053-405B-826C-CF37AC0EF176} = {8164D41D-B053-405B-826C-CF37AC0EF176}
		{65640436-02E2-4F34-A247-0F719E93A9D0} = {65640436-02E2-4F34-A247-0F719E93A9D0}
		{9E211743-85FE-4977-82F3-4F04B40C912D} = {9E211743-85FE-4977-82F3-4F04B40C912D}
		{E403A980-08A0-48D7-8C71-671C0E0BC6B9} = {E403A980-08A0-48D7-8C71-671C0E0BC6B9}
	EndProjectSection
EndProject
Project("{8BC9CEB8-8B4A-11D0-8D11-00A0C91BC942}") = "Util", "..\..\3rdparty\poco\Util\Util_vs110.vcxproj", "{B05C6219-EC9E-4069-B6BF-AAD424D1AB12}"
	ProjectSection(ProjectDependencies) = postProject
		{8164D41D-B053-405B-826C-CF37AC0EF176} = {8164D41D-B053-405B-826C-CF37AC0EF176}
		{65640436-02E2-4F34-A247-0F719E93A9D0} = {65640436-02E2-4F34-A247-0F719E93A9D0}
		{9E211743-85FE-4977-82F3-4F04B40C912D} = {9E211743-85FE-4977-82F3-4F04B40C912D}
		{E403A980-08A0-48D7-8C71-671C0E0BC6B9} = {E403A980-08A0-48D7-8C71-671C0E0BC6B9}
	EndProjectSection
EndProject
Project("{8BC9CEB8-8B4A-11D0-8D11-00A0C91BC942}") = "Data", "..\..\3rdparty\poco\Data\Data_x64_vs110.vcxproj", "{240E83C3-368D-11DB-9FBC-00123FC423B5}"
	ProjectSection(ProjectDependencies) = postProject
		{8164D41D-B053-405B-826C-CF37AC0EF176} = {8164D41D-B053-405B-826C-CF37AC0EF176}
		{E403A980-08A0-48D7-8C71-671C0E0BC6B9} = {E403A980-08A0-48D7-8C71-671C0E0BC6B9}
	EndProjectSection
EndProject
Project("{8BC9CEB8-8B4A-11D0-8D11-00A0C91BC942}") = "Data", "..\..\3rdparty\poco\Data\Data_vs110.vcxproj", "{FB68BF3D-4925-4773-A937-D04C59627BE3}"
	ProjectSection(ProjectDependencies) = postProject
		{8164D41D-B053-405B-826C-CF37AC0EF176} = {8164D41D-B053-405B-826C-CF37AC0EF176}
		{E403A980-08A0-48D7-8C71-671C0E0BC6B9} = {E403A980-08A0-48D7-8C71-671C0E0BC6B9}
	EndProjectSection
EndProject
Project("{8BC9CEB8-8B4A-11D0-8D11-00A0C91BC942}") = "XML", "..\..\3rdparty\poco\XML\XML_x64_vs110.vcxproj", "{9E211743-85FE-4977-82F3-4F04B40C912D}"
	ProjectSection(ProjectDependencies) = postProject
		{8164D41D-B053-405B-826C-CF37AC0EF176} = {8164D41D-B053-405B-826C-CF37AC0EF176}
		{E403A980-08A0-48D7-8C71-671C0E0BC6B9} = {E403A980-08A0-48D7-8C71-671C0E0BC6B9}
	EndProjectSection
EndProject
Project("{8BC9CEB8-8B4A-11D0-8D11-00A0C91BC942}") = "XML", "..\..\3rdparty\poco\XML\XML_vs110.vcxproj", "{65640436-02E2-4F34-A247-0F719E93A9D0}"
	ProjectSection(ProjectDependencies) = postProject
		{8164D41D-B053-405B-826C-CF37AC0EF176} = {8164D41D-B053-405B-826C-CF37AC0EF176}
		{E403A980-08A0-48D7-8C71-671C0E0BC6B9} = {E403A980-08A0-48D7-8C71-671C0E0BC6B9}
	EndProjectSection
EndProject
Project("{2150E333-8FDC-42A3-9474-1A3956D46DE8}") = "x86", "x86", "{A5C5B7B9-D9E5-430C-BC71-8C83B82D0CF3}"
EndProject
Project("{2150E333-8FDC-42A3-9474-1A3956D46DE8}") = "x64", "x64", "{4CE7EDBF-7C8B-4219-9E6C-B52D60BE3566}"
EndProject
Project("{2150E333-8FDC-42A3-9474-1A3956D46DE8}") = "lib", "lib", "{B053AB5F-A8DD-4E25-8F8A-F2A79B6336BE}"
EndProject
Project("{8BC9CEB8-8B4A-11D0-8D11-00A0C91BC942}") = "SQLite", "..\..\3rdparty\poco\Data\SQLite\SQLite_x64_vs110.vcxproj", "{5B889CE7-AD42-4CFE-BBC3-532B61F8329E}"
	ProjectSection(ProjectDependencies) = postProject
		{8164D41D-B053-405B-826C-CF37AC0EF176} = {8164D41D-B053-405B-826C-CF37AC0EF176}
		{E403A980-08A0-48D7-8C71-671C0E0BC6B9} = {E403A980-08A0-48D7-8C71-671C0E0BC6B9}
	EndProjectSection
EndProject
Project("{8BC9CEB8-8B4A-11D0-8D11-00A0C91BC942}") = "SQLite", "..\..\3rdparty\poco\Data\SQLite\SQLite_vs110.vcxproj", "{8E660F15-ED4C-45B9-8BF6-11A602F6BE82}"
	ProjectSection(ProjectDependencies) = postProject
		{8164D41D-B053-405B-826C-CF37AC0EF176} = {8164D41D-B053-405B-826C-CF37AC0EF176}
		{E403A980-08A0-48D7-8C71-671C0E0BC6B9} = {E403A980-08A0-48D7-8C71-671C0E0BC6B9}
	EndProjectSection
EndProject
Global
	GlobalSection(SolutionConfigurationPlatforms) = preSolution
		debug_shared|Any CPU = debug_shared|Any CPU
		debug_shared|Mixed Platforms = debug_shared|Mixed Platforms
		debug_shared|Win32 = debug_shared|Win32
		debug_shared|x64 = debug_shared|x64
		debug_shared|x86 = debug_shared|x86
		debug_static_md|Any CPU = debug_static_md|Any CPU
		debug_static_md|Mixed Platforms = debug_static_md|Mixed Platforms
		debug_static_md|Win32 = debug_static_md|Win32
		debug_static_md|x64 = debug_static_md|x64
		debug_static_md|x86 = debug_static_md|x86
		debug_static_mt|Any CPU = debug_static_mt|Any CPU
		debug_static_mt|Mixed Platforms = debug_static_mt|Mixed Platforms
		debug_static_mt|Win32 = debug_static_mt|Win32
		debug_static_mt|x64 = debug_static_mt|x64
		debug_static_mt|x86 = debug_static_mt|x86
		Debug|Any CPU = Debug|Any CPU
		Debug|Mixed Platforms = Debug|Mixed Platforms
		Debug|Win32 = Debug|Win32
		Debug|x64 = Debug|x64
		Debug|x86 = Debug|x86
		release_shared|Any CPU = release_shared|Any CPU
		release_shared|Mixed Platforms = release_shared|Mixed Platforms
		release_shared|Win32 = release_shared|Win32
		release_shared|x64 = release_shared|x64
		release_shared|x86 = release_shared|x86
		release_static_md|Any CPU = release_static_md|Any CPU
		release_static_md|Mixed Platforms = release_static_md|Mixed Platforms
		release_static_md|Win32 = release_static_md|Win32
		release_static_md|x64 = release_static_md|x64
		release_static_md|x86 = release_static_md|x86
		release_static_mt|Any CPU = release_static_mt|Any CPU
		release_static_mt|Mixed Platforms = release_static_mt|Mixed Platforms
		release_static_mt|Win32 = release_static_mt|Win32
		release_static_mt|x64 = release_static_mt|x64
		release_static_mt|x86 = release_static_mt|x86
		Release|Any CPU = Release|Any CPU
		Release|Mixed Platforms = Release|Mixed Platforms
		Release|Win32 = Release|Win32
		Release|x64 = Release|x64
		Release|x86 = Release|x86
	EndGlobalSection
	GlobalSection(ProjectConfigurationPlatforms) = postSolution
		{649D1913-E747-4A71-918D-67DE2185BAC3}.debug_shared|Any CPU.ActiveCfg = Debug|Win32
		{649D1913-E747-4A71-918D-67DE2185BAC3}.debug_shared|Mixed Platforms.ActiveCfg = Debug|Win32
		{649D1913-E747-4A71-918D-67DE2185BAC3}.debug_shared|Mixed Platforms.Build.0 = Debug|Win32
		{649D1913-E747-4A71-918D-67DE2185BAC3}.debug_shared|Win32.ActiveCfg = Debug|Win32
		{649D1913-E747-4A71-918D-67DE2185BAC3}.debug_shared|Win32.Build.0 = Debug|Win32
		{649D1913-E747-4A71-918D-67DE2185BAC3}.debug_shared|x64.ActiveCfg = Debug|Win32
		{649D1913-E747-4A71-918D-67DE2185BAC3}.debug_shared|x86.ActiveCfg = Debug|Win32
		{649D1913-E747-4A71-918D-67DE2185BAC3}.debug_shared|x86.Build.0 = Debug|Win32
		{649D1913-E747-4A71-918D-67DE2185BAC3}.debug_static_md|Any CPU.ActiveCfg = Debug|Win32
		{649D1913-E747-4A71-918D-67DE2185BAC3}.debug_static_md|Mixed Platforms.ActiveCfg = Debug|Win32
		{649D1913-E747-4A71-918D-67DE2185BAC3}.debug_static_md|Mixed Platforms.Build.0 = Debug|Win32
		{649D1913-E747-4A71-918D-67DE2185BAC3}.debug_static_md|Win32.ActiveCfg = Debug|Win32
		{649D1913-E747-4A71-918D-67DE2185BAC3}.debug_static_md|Win32.Build.0 = Debug|Win32
		{649D1913-E747-4A71-918D-67DE2185BAC3}.debug_static_md|x64.ActiveCfg = Debug|Win32
		{649D1913-E747-4A71-918D-67DE2185BAC3}.debug_static_md|x86.ActiveCfg = Debug|Win32
		{649D1913-E747-4A71-918D-67DE2185BAC3}.debug_static_md|x86.Build.0 = Debug|Win32
		{649D1913-E747-4A71-918D-67DE2185BAC3}.debug_static_mt|Any CPU.ActiveCfg = Debug|Win32
		{649D1913-E747-4A71-918D-67DE2185BAC3}.debug_static_mt|Mixed Platforms.ActiveCfg = Debug|Win32
		{649D1913-E747-4A71-918D-67DE2185BAC3}.debug_static_mt|Mixed Platforms.Build.0 = Debug|Win32
		{649D1913-E747-4A71-918D-67DE2185BAC3}.debug_static_mt|Win32.ActiveCfg = Debug|Win32
		{649D1913-E747-4A71-918D-67DE2185BAC3}.debug_static_mt|Win32.Build.0 = Debug|Win32
		{649D1913-E747-4A71-918D-67DE2185BAC3}.debug_static_mt|x64.ActiveCfg = Debug|Win32
		{649D1913-E747-4A71-918D-67DE2185BAC3}.debug_static_mt|x86.ActiveCfg = Debug|Win32
		{649D1913-E747-4A71-918D-67DE2185BAC3}.debug_static_mt|x86.Build.0 = Debug|Win32
		{649D1913-E747-4A71-918D-67DE2185BAC3}.Debug|Any CPU.ActiveCfg = Debug|Win32
		{649D1913-E747-4A71-918D-67DE2185BAC3}.Debug|Mixed Platforms.ActiveCfg = Debug|Win32
		{649D1913-E747-4A71-918D-67DE2185BAC3}.Debug|Mixed Platforms.Build.0 = Debug|Win32
		{649D1913-E747-4A71-918D-67DE2185BAC3}.Debug|Win32.ActiveCfg = Debug|Win32
		{649D1913-E747-4A71-918D-67DE2185BAC3}.Debug|Win32.Build.0 = Debug|Win32
		{649D1913-E747-4A71-918D-67DE2185BAC3}.Debug|x64.ActiveCfg = Debug|x64
		{649D1913-E747-4A71-918D-67DE2185BAC3}.Debug|x64.Build.0 = Debug|x64
		{649D1913-E747-4A71-918D-67DE2185BAC3}.Debug|x86.ActiveCfg = Debug|Win32
		{649D1913-E747-4A71-918D-67DE2185BAC3}.Debug|x86.Build.0 = Debug|Win32
		{649D1913-E747-4A71-918D-67DE2185BAC3}.release_shared|Any CPU.ActiveCfg = Release|Win32
		{649D1913-E747-4A71-918D-67DE2185BAC3}.release_shared|Mixed Platforms.ActiveCfg = Release|Win32
		{649D1913-E747-4A71-918D-67DE2185BAC3}.release_shared|Mixed Platforms.Build.0 = Release|Win32
		{649D1913-E747-4A71-918D-67DE2185BAC3}.release_shared|Win32.ActiveCfg = Release|Win32
		{649D1913-E747-4A71-918D-67DE2185BAC3}.release_shared|Win32.Build.0 = Release|Win32
		{649D1913-E747-4A71-918D-67DE2185BAC3}.release_shared|x64.ActiveCfg = Release|Win32
		{649D1913-E747-4A71-918D-67DE2185BAC3}.release_shared|x86.ActiveCfg = Release|Win32
		{649D1913-E747-4A71-918D-67DE2185BAC3}.release_shared|x86.Build.0 = Release|Win32
		{649D1913-E747-4A71-918D-67DE2185BAC3}.release_static_md|Any CPU.ActiveCfg = Release|Win32
		{649D1913-E747-4A71-918D-67DE2185BAC3}.release_static_md|Mixed Platforms.ActiveCfg = Release|Win32
		{649D1913-E747-4A71-918D-67DE2185BAC3}.release_static_md|Mixed Platforms.Build.0 = Release|Win32
		{649D1913-E747-4A71-918D-67DE2185BAC3}.release_static_md|Win32.ActiveCfg = Release|Win32
		{649D1913-E747-4A71-918D-67DE2185BAC3}.release_static_md|Win32.Build.0 = Release|Win32
		{649D1913-E747-4A71-918D-67DE2185BAC3}.release_static_md|x64.ActiveCfg = Release|Win32
		{649D1913-E747-4A71-918D-67DE2185BAC3}.release_static_md|x86.ActiveCfg = Release|Win32
		{649D1913-E747-4A71-918D-67DE2185BAC3}.release_static_md|x86.Build.0 = Release|Win32
		{649D1913-E747-4A71-918D-67DE2185BAC3}.release_static_mt|Any CPU.ActiveCfg = Release|Win32
		{649D1913-E747-4A71-918D-67DE2185BAC3}.release_static_mt|Mixed Platforms.ActiveCfg = Release|Win32
		{649D1913-E747-4A71-918D-67DE2185BAC3}.release_static_mt|Mixed Platforms.Build.0 = Release|Win32
		{649D1913-E747-4A71-918D-67DE2185BAC3}.release_static_mt|Win32.ActiveCfg = Release|Win32
		{649D1913-E747-4A71-918D-67DE2185BAC3}.release_static_mt|Win32.Build.0 = Release|Win32
		{649D1913-E747-4A71-918D-67DE2185BAC3}.release_static_mt|x64.ActiveCfg = Release|Win32
		{649D1913-E747-4A71-918D-67DE2185BAC3}.release_static_mt|x86.ActiveCfg = Release|Win32
		{649D1913-E747-4A71-918D-67DE2185BAC3}.release_static_mt|x86.Build.0 = Release|Win32
		{649D1913-E747-4A71-918D-67DE2185BAC3}.Release|Any CPU.ActiveCfg = Release|Win32
		{649D1913-E747-4A71-918D-67DE2185BAC3}.Release|Mixed Platforms.ActiveCfg = Release|Win32
		{649D1913-E747-4A71-918D-67DE2185BAC3}.Release|Mixed Platforms.Build.0 = Release|Win32
		{649D1913-E747-4A71-918D-67DE2185BAC3}.Release|Win32.ActiveCfg = Release|Win32
		{649D1913-E747-4A71-918D-67DE2185BAC3}.Release|Win32.Build.0 = Release|Win32
		{649D1913-E747-4A71-918D-67DE2185BAC3}.Release|x64.ActiveCfg = Release|Win32
		{649D1913-E747-4A71-918D-67DE2185BAC3}.Release|x64.Build.0 = Release|Win32
		{649D1913-E747-4A71-918D-67DE2185BAC3}.Release|x86.ActiveCfg = Release|Win32
		{649D1913-E747-4A71-918D-67DE2185BAC3}.Release|x86.Build.0 = Release|Win32
		{649D1913-E747-4A71-918D-67DE2185BAC3}.Release|x86.Deploy.0 = Release|Win32
		{EB736A34-3D57-4F65-AC41-6C021E7C3125}.debug_shared|Any CPU.ActiveCfg = Debug|Win32
		{EB736A34-3D57-4F65-AC41-6C021E7C3125}.debug_shared|Mixed Platforms.ActiveCfg = Debug|Win32
		{EB736A34-3D57-4F65-AC41-6C021E7C3125}.debug_shared|Mixed Platforms.Build.0 = Debug|Win32
		{EB736A34-3D57-4F65-AC41-6C021E7C3125}.debug_shared|Win32.ActiveCfg = Debug|Win32
		{EB736A34-3D57-4F65-AC41-6C021E7C3125}.debug_shared|Win32.Build.0 = Debug|Win32
		{EB736A34-3D57-4F65-AC41-6C021E7C3125}.debug_shared|x64.ActiveCfg = Debug|Win32
		{EB736A34-3D57-4F65-AC41-6C021E7C3125}.debug_shared|x86.ActiveCfg = Debug|Win32
		{EB736A34-3D57-4F65-AC41-6C021E7C3125}.debug_shared|x86.Build.0 = Debug|Win32
		{EB736A34-3D57-4F65-AC41-6C021E7C3125}.debug_static_md|Any CPU.ActiveCfg = Debug|Win32
		{EB736A34-3D57-4F65-AC41-6C021E7C3125}.debug_static_md|Mixed Platforms.ActiveCfg = Debug|Win32
		{EB736A34-3D57-4F65-AC41-6C021E7C3125}.debug_static_md|Mixed Platforms.Build.0 = Debug|Win32
		{EB736A34-3D57-4F65-AC41-6C021E7C3125}.debug_static_md|Win32.ActiveCfg = Debug|Win32
		{EB736A34-3D57-4F65-AC41-6C021E7C3125}.debug_static_md|Win32.Build.0 = Debug|Win32
		{EB736A34-3D57-4F65-AC41-6C021E7C3125}.debug_static_md|x64.ActiveCfg = Debug|Win32
		{EB736A34-3D57-4F65-AC41-6C021E7C3125}.debug_static_md|x86.ActiveCfg = Debug|Win32
		{EB736A34-3D57-4F65-AC41-6C021E7C3125}.debug_static_md|x86.Build.0 = Debug|Win32
		{EB736A34-3D57-4F65-AC41-6C021E7C3125}.debug_static_mt|Any CPU.ActiveCfg = Debug|Win32
		{EB736A34-3D57-4F65-AC41-6C021E7C3125}.debug_static_mt|Mixed Platforms.ActiveCfg = Debug|Win32
		{EB736A34-3D57-4F65-AC41-6C021E7C3125}.debug_static_mt|Mixed Platforms.Build.0 = Debug|Win32
		{EB736A34-3D57-4F65-AC41-6C021E7C3125}.debug_static_mt|Win32.ActiveCfg = Debug|Win32
		{EB736A34-3D57-4F65-AC41-6C021E7C3125}.debug_static_mt|Win32.Build.0 = Debug|Win32
		{EB736A34-3D57-4F65-AC41-6C021E7C3125}.debug_static_mt|x64.ActiveCfg = Debug|Win32
		{EB736A34-3D57-4F65-AC41-6C021E7C3125}.debug_static_mt|x86.ActiveCfg = Debug|Win32
		{EB736A34-3D57-4F65-AC41-6C021E7C3125}.debug_static_mt|x86.Build.0 = Debug|Win32
		{EB736A34-3D57-4F65-AC41-6C021E7C3125}.Debug|Any CPU.ActiveCfg = Debug|Win32
		{EB736A34-3D57-4F65-AC41-6C021E7C3125}.Debug|Mixed Platforms.ActiveCfg = Debug|Win32
		{EB736A34-3D57-4F65-AC41-6C021E7C3125}.Debug|Mixed Platforms.Build.0 = Debug|Win32
		{EB736A34-3D57-4F65-AC41-6C021E7C3125}.Debug|Win32.ActiveCfg = Debug|Win32
		{EB736A34-3D57-4F65-AC41-6C021E7C3125}.Debug|Win32.Build.0 = Debug|Win32
		{EB736A34-3D57-4F65-AC41-6C021E7C3125}.Debug|x64.ActiveCfg = Debug|x64
		{EB736A34-3D57-4F65-AC41-6C021E7C3125}.Debug|x64.Build.0 = Debug|x64
		{EB736A34-3D57-4F65-AC41-6C021E7C3125}.Debug|x86.ActiveCfg = Debug|Win32
		{EB736A34-3D57-4F65-AC41-6C021E7C3125}.Debug|x86.Build.0 = Debug|Win32
		{EB736A34-3D57-4F65-AC41-6C021E7C3125}.release_shared|Any CPU.ActiveCfg = Release|Win32
		{EB736A34-3D57-4F65-AC41-6C021E7C3125}.release_shared|Mixed Platforms.ActiveCfg = Release|Win32
		{EB736A34-3D57-4F65-AC41-6C021E7C3125}.release_shared|Mixed Platforms.Build.0 = Release|Win32
		{EB736A34-3D57-4F65-AC41-6C021E7C3125}.release_shared|Win32.ActiveCfg = Release|Win32
		{EB736A34-3D57-4F65-AC41-6C021E7C3125}.release_shared|Win32.Build.0 = Release|Win32
		{EB736A34-3D57-4F65-AC41-6C021E7C3125}.release_shared|x64.ActiveCfg = Release|Win32
		{EB736A34-3D57-4F65-AC41-6C021E7C3125}.release_shared|x86.ActiveCfg = Release|Win32
		{EB736A34-3D57-4F65-AC41-6C021E7C3125}.release_shared|x86.Build.0 = Release|Win32
		{EB736A34-3D57-4F65-AC41-6C021E7C3125}.release_static_md|Any CPU.ActiveCfg = Release|Win32
		{EB736A34-3D57-4F65-AC41-6C021E7C3125}.release_static_md|Mixed Platforms.ActiveCfg = Release|Win32
		{EB736A34-3D57-4F65-AC41-6C021E7C3125}.release_static_md|Mixed Platforms.Build.0 = Release|Win32
		{EB736A34-3D57-4F65-AC41-6C021E7C3125}.release_static_md|Win32.ActiveCfg = Release|Win32
		{EB736A34-3D57-4F65-AC41-6C021E7C3125}.release_static_md|Win32.Build.0 = Release|Win32
		{EB736A34-3D57-4F65-AC41-6C021E7C3125}.release_static_md|x64.ActiveCfg = Release|Win32
		{EB736A34-3D57-4F65-AC41-6C021E7C3125}.release_static_md|x86.ActiveCfg = Release|Win32
		{EB736A34-3D57-4F65-AC41-6C021E7C3125}.release_static_md|x86.Build.0 = Release|Win32
		{EB736A34-3D57-4F65-AC41-6C021E7C3125}.release_static_mt|Any CPU.ActiveCfg = Release|Win32
		{EB736A34-3D57-4F65-AC41-6C021E7C3125}.release_static_mt|Mixed Platforms.ActiveCfg = Release|Win32
		{EB736A34-3D57-4F65-AC41-6C021E7C3125}.release_static_mt|Mixed Platforms.Build.0 = Release|Win32
		{EB736A34-3D57-4F65-AC41-6C021E7C3125}.release_static_mt|Win32.ActiveCfg = Release|Win32
		{EB736A34-3D57-4F65-AC41-6C021E7C3125}.release_static_mt|Win32.Build.0 = Release|Win32
		{EB736A34-3D57-4F65-AC41-6C021E7C3125}.release_static_mt|x64.ActiveCfg = Release|Win32
		{EB736A34-3D57-4F65-AC41-6C021E7C3125}.release_static_mt|x86.ActiveCfg = Release|Win32
		{EB736A34-3D57-4F65-AC41-6C021E7C3125}.release_static_mt|x86.Build.0 = Release|Win32
		{EB736A34-3D57-4F65-AC41-6C021E7C3125}.Release|Any CPU.ActiveCfg = Release|Win32
		{EB736A34-3D57-4F65-AC41-6C021E7C3125}.Release|Mixed Platforms.ActiveCfg = Release|Win32
		{EB736A34-3D57-4F65-AC41-6C021E7C3125}.Release|Mixed Platforms.Build.0 = Release|Win32
		{EB736A34-3D57-4F65-AC41-6C021E7C3125}.Release|Win32.ActiveCfg = Release|Win32
		{EB736A34-3D57-4F65-AC41-6C021E7C3125}.Release|Win32.Build.0 = Release|Win32
		{EB736A34-3D57-4F65-AC41-6C021E7C3125}.Release|x64.ActiveCfg = Release|Win32
		{EB736A34-3D57-4F65-AC41-6C021E7C3125}.Release|x64.Build.0 = Release|Win32
		{EB736A34-3D57-4F65-AC41-6C021E7C3125}.Release|x86.ActiveCfg = Release|Win32
		{EB736A34-3D57-4F65-AC41-6C021E7C3125}.Release|x86.Build.0 = Release|Win32
		{63F7861F-A28C-4E5F-BB5A-90F180BF86D8}.debug_shared|Any CPU.ActiveCfg = Debug|Any CPU
		{63F7861F-A28C-4E5F-BB5A-90F180BF86D8}.debug_shared|Any CPU.Build.0 = Debug|Any CPU
		{63F7861F-A28C-4E5F-BB5A-90F180BF86D8}.debug_shared|Mixed Platforms.ActiveCfg = Debug|x86
		{63F7861F-A28C-4E5F-BB5A-90F180BF86D8}.debug_shared|Mixed Platforms.Build.0 = Debug|x86
		{63F7861F-A28C-4E5F-BB5A-90F180BF86D8}.debug_shared|Win32.ActiveCfg = Debug|x86
		{63F7861F-A28C-4E5F-BB5A-90F180BF86D8}.debug_shared|Win32.Build.0 = Debug|x86
		{63F7861F-A28C-4E5F-BB5A-90F180BF86D8}.debug_shared|x64.ActiveCfg = Debug|Any CPU
		{63F7861F-A28C-4E5F-BB5A-90F180BF86D8}.debug_shared|x86.ActiveCfg = Debug|x86
		{63F7861F-A28C-4E5F-BB5A-90F180BF86D8}.debug_shared|x86.Build.0 = Debug|x86
		{63F7861F-A28C-4E5F-BB5A-90F180BF86D8}.debug_static_md|Any CPU.ActiveCfg = Debug|Any CPU
		{63F7861F-A28C-4E5F-BB5A-90F180BF86D8}.debug_static_md|Any CPU.Build.0 = Debug|Any CPU
		{63F7861F-A28C-4E5F-BB5A-90F180BF86D8}.debug_static_md|Mixed Platforms.ActiveCfg = Debug|x86
		{63F7861F-A28C-4E5F-BB5A-90F180BF86D8}.debug_static_md|Mixed Platforms.Build.0 = Debug|x86
		{63F7861F-A28C-4E5F-BB5A-90F180BF86D8}.debug_static_md|Win32.ActiveCfg = Debug|x86
		{63F7861F-A28C-4E5F-BB5A-90F180BF86D8}.debug_static_md|Win32.Build.0 = Debug|x86
		{63F7861F-A28C-4E5F-BB5A-90F180BF86D8}.debug_static_md|x64.ActiveCfg = Debug|Any CPU
		{63F7861F-A28C-4E5F-BB5A-90F180BF86D8}.debug_static_md|x86.ActiveCfg = Debug|x86
		{63F7861F-A28C-4E5F-BB5A-90F180BF86D8}.debug_static_md|x86.Build.0 = Debug|x86
		{63F7861F-A28C-4E5F-BB5A-90F180BF86D8}.debug_static_mt|Any CPU.ActiveCfg = Debug|Any CPU
		{63F7861F-A28C-4E5F-BB5A-90F180BF86D8}.debug_static_mt|Any CPU.Build.0 = Debug|Any CPU
		{63F7861F-A28C-4E5F-BB5A-90F180BF86D8}.debug_static_mt|Mixed Platforms.ActiveCfg = Debug|x86
		{63F7861F-A28C-4E5F-BB5A-90F180BF86D8}.debug_static_mt|Mixed Platforms.Build.0 = Debug|x86
		{63F7861F-A28C-4E5F-BB5A-90F180BF86D8}.debug_static_mt|Win32.ActiveCfg = Debug|x86
		{63F7861F-A28C-4E5F-BB5A-90F180BF86D8}.debug_static_mt|Win32.Build.0 = Debug|x86
		{63F7861F-A28C-4E5F-BB5A-90F180BF86D8}.debug_static_mt|x64.ActiveCfg = Debug|Any CPU
		{63F7861F-A28C-4E5F-BB5A-90F180BF86D8}.debug_static_mt|x86.ActiveCfg = Debug|x86
		{63F7861F-A28C-4E5F-BB5A-90F180BF86D8}.debug_static_mt|x86.Build.0 = Debug|x86
		{63F7861F-A28C-4E5F-BB5A-90F180BF86D8}.Debug|Any CPU.ActiveCfg = Debug|Any CPU
		{63F7861F-A28C-4E5F-BB5A-90F180BF86D8}.Debug|Any CPU.Build.0 = Debug|Any CPU
		{63F7861F-A28C-4E5F-BB5A-90F180BF86D8}.Debug|Mixed Platforms.ActiveCfg = Debug|Any CPU
		{63F7861F-A28C-4E5F-BB5A-90F180BF86D8}.Debug|Mixed Platforms.Build.0 = Debug|Any CPU
		{63F7861F-A28C-4E5F-BB5A-90F180BF86D8}.Debug|Win32.ActiveCfg = Debug|Any CPU
		{63F7861F-A28C-4E5F-BB5A-90F180BF86D8}.Debug|x64.ActiveCfg = Debug|Any CPU
		{63F7861F-A28C-4E5F-BB5A-90F180BF86D8}.Debug|x86.ActiveCfg = Debug|x86
		{63F7861F-A28C-4E5F-BB5A-90F180BF86D8}.Debug|x86.Build.0 = Debug|x86
		{63F7861F-A28C-4E5F-BB5A-90F180BF86D8}.release_shared|Any CPU.ActiveCfg = Release|Any CPU
		{63F7861F-A28C-4E5F-BB5A-90F180BF86D8}.release_shared|Any CPU.Build.0 = Release|Any CPU
		{63F7861F-A28C-4E5F-BB5A-90F180BF86D8}.release_shared|Mixed Platforms.ActiveCfg = Release|x86
		{63F7861F-A28C-4E5F-BB5A-90F180BF86D8}.release_shared|Mixed Platforms.Build.0 = Release|x86
		{63F7861F-A28C-4E5F-BB5A-90F180BF86D8}.release_shared|Win32.ActiveCfg = Release|x86
		{63F7861F-A28C-4E5F-BB5A-90F180BF86D8}.release_shared|Win32.Build.0 = Release|x86
		{63F7861F-A28C-4E5F-BB5A-90F180BF86D8}.release_shared|x64.ActiveCfg = Release|Any CPU
		{63F7861F-A28C-4E5F-BB5A-90F180BF86D8}.release_shared|x86.ActiveCfg = Release|x86
		{63F7861F-A28C-4E5F-BB5A-90F180BF86D8}.release_shared|x86.Build.0 = Release|x86
		{63F7861F-A28C-4E5F-BB5A-90F180BF86D8}.release_static_md|Any CPU.ActiveCfg = Release|Any CPU
		{63F7861F-A28C-4E5F-BB5A-90F180BF86D8}.release_static_md|Any CPU.Build.0 = Release|Any CPU
		{63F7861F-A28C-4E5F-BB5A-90F180BF86D8}.release_static_md|Mixed Platforms.ActiveCfg = Release|x86
		{63F7861F-A28C-4E5F-BB5A-90F180BF86D8}.release_static_md|Mixed Platforms.Build.0 = Release|x86
		{63F7861F-A28C-4E5F-BB5A-90F180BF86D8}.release_static_md|Win32.ActiveCfg = Release|x86
		{63F7861F-A28C-4E5F-BB5A-90F180BF86D8}.release_static_md|Win32.Build.0 = Release|x86
		{63F7861F-A28C-4E5F-BB5A-90F180BF86D8}.release_static_md|x64.ActiveCfg = Release|Any CPU
		{63F7861F-A28C-4E5F-BB5A-90F180BF86D8}.release_static_md|x86.ActiveCfg = Release|x86
		{63F7861F-A28C-4E5F-BB5A-90F180BF86D8}.release_static_md|x86.Build.0 = Release|x86
		{63F7861F-A28C-4E5F-BB5A-90F180BF86D8}.release_static_mt|Any CPU.ActiveCfg = Release|Any CPU
		{63F7861F-A28C-4E5F-BB5A-90F180BF86D8}.release_static_mt|Any CPU.Build.0 = Release|Any CPU
		{63F7861F-A28C-4E5F-BB5A-90F180BF86D8}.release_static_mt|Mixed Platforms.ActiveCfg = Release|x86
		{63F7861F-A28C-4E5F-BB5A-90F180BF86D8}.release_static_mt|Mixed Platforms.Build.0 = Release|x86
		{63F7861F-A28C-4E5F-BB5A-90F180BF86D8}.release_static_mt|Win32.ActiveCfg = Release|x86
		{63F7861F-A28C-4E5F-BB5A-90F180BF86D8}.release_static_mt|Win32.Build.0 = Release|x86
		{63F7861F-A28C-4E5F-BB5A-90F180BF86D8}.release_static_mt|x64.ActiveCfg = Release|Any CPU
		{63F7861F-A28C-4E5F-BB5A-90F180BF86D8}.release_static_mt|x86.ActiveCfg = Release|x86
		{63F7861F-A28C-4E5F-BB5A-90F180BF86D8}.release_static_mt|x86.Build.0 = Release|x86
		{63F7861F-A28C-4E5F-BB5A-90F180BF86D8}.Release|Any CPU.ActiveCfg = Release|Any CPU
		{63F7861F-A28C-4E5F-BB5A-90F180BF86D8}.Release|Any CPU.Build.0 = Release|Any CPU
		{63F7861F-A28C-4E5F-BB5A-90F180BF86D8}.Release|Mixed Platforms.ActiveCfg = Release|Any CPU
		{63F7861F-A28C-4E5F-BB5A-90F180BF86D8}.Release|Mixed Platforms.Build.0 = Release|Any CPU
		{63F7861F-A28C-4E5F-BB5A-90F180BF86D8}.Release|Win32.ActiveCfg = Release|Any CPU
		{63F7861F-A28C-4E5F-BB5A-90F180BF86D8}.Release|x64.ActiveCfg = Release|Any CPU
		{63F7861F-A28C-4E5F-BB5A-90F180BF86D8}.Release|x86.ActiveCfg = Release|x86
		{B057A1FE-09F7-465E-B8B5-E1B659051D76}.debug_shared|Any CPU.ActiveCfg = debug_shared|x64
		{B057A1FE-09F7-465E-B8B5-E1B659051D76}.debug_shared|Mixed Platforms.ActiveCfg = debug_shared|x64
		{B057A1FE-09F7-465E-B8B5-E1B659051D76}.debug_shared|Mixed Platforms.Build.0 = debug_shared|x64
		{B057A1FE-09F7-465E-B8B5-E1B659051D76}.debug_shared|Win32.ActiveCfg = debug_shared|x64
		{B057A1FE-09F7-465E-B8B5-E1B659051D76}.debug_shared|x64.ActiveCfg = debug_shared|x64
		{B057A1FE-09F7-465E-B8B5-E1B659051D76}.debug_shared|x64.Build.0 = debug_shared|x64
		{B057A1FE-09F7-465E-B8B5-E1B659051D76}.debug_shared|x86.ActiveCfg = debug_shared|x64
		{B057A1FE-09F7-465E-B8B5-E1B659051D76}.debug_static_md|Any CPU.ActiveCfg = debug_static_md|x64
		{B057A1FE-09F7-465E-B8B5-E1B659051D76}.debug_static_md|Mixed Platforms.ActiveCfg = debug_static_md|x64
		{B057A1FE-09F7-465E-B8B5-E1B659051D76}.debug_static_md|Mixed Platforms.Build.0 = debug_static_md|x64
		{B057A1FE-09F7-465E-B8B5-E1B659051D76}.debug_static_md|Win32.ActiveCfg = debug_static_md|x64
		{B057A1FE-09F7-465E-B8B5-E1B659051D76}.debug_static_md|x64.ActiveCfg = debug_static_md|x64
		{B057A1FE-09F7-465E-B8B5-E1B659051D76}.debug_static_md|x64.Build.0 = debug_static_md|x64
		{B057A1FE-09F7-465E-B8B5-E1B659051D76}.debug_static_md|x86.ActiveCfg = debug_static_md|x64
		{B057A1FE-09F7-465E-B8B5-E1B659051D76}.debug_static_mt|Any CPU.ActiveCfg = debug_static_mt|x64
		{B057A1FE-09F7-465E-B8B5-E1B659051D76}.debug_static_mt|Mixed Platforms.ActiveCfg = debug_static_mt|x64
		{B057A1FE-09F7-465E-B8B5-E1B659051D76}.debug_static_mt|Mixed Platforms.Build.0 = debug_static_mt|x64
		{B057A1FE-09F7-465E-B8B5-E1B659051D76}.debug_static_mt|Win32.ActiveCfg = debug_static_mt|x64
		{B057A1FE-09F7-465E-B8B5-E1B659051D76}.debug_static_mt|x64.ActiveCfg = debug_static_mt|x64
		{B057A1FE-09F7-465E-B8B5-E1B659051D76}.debug_static_mt|x64.Build.0 = debug_static_mt|x64
		{B057A1FE-09F7-465E-B8B5-E1B659051D76}.debug_static_mt|x86.ActiveCfg = debug_static_mt|x64
		{B057A1FE-09F7-465E-B8B5-E1B659051D76}.Debug|Any CPU.ActiveCfg = debug_shared|x64
		{B057A1FE-09F7-465E-B8B5-E1B659051D76}.Debug|Mixed Platforms.ActiveCfg = debug_shared|x64
		{B057A1FE-09F7-465E-B8B5-E1B659051D76}.Debug|Mixed Platforms.Build.0 = debug_shared|x64
		{B057A1FE-09F7-465E-B8B5-E1B659051D76}.Debug|Win32.ActiveCfg = debug_shared|x64
		{B057A1FE-09F7-465E-B8B5-E1B659051D76}.Debug|x64.ActiveCfg = debug_shared|x64
		{B057A1FE-09F7-465E-B8B5-E1B659051D76}.Debug|x64.Build.0 = debug_shared|x64
		{B057A1FE-09F7-465E-B8B5-E1B659051D76}.Debug|x86.ActiveCfg = debug_shared|x64
		{B057A1FE-09F7-465E-B8B5-E1B659051D76}.release_shared|Any CPU.ActiveCfg = release_shared|x64
		{B057A1FE-09F7-465E-B8B5-E1B659051D76}.release_shared|Mixed Platforms.ActiveCfg = release_shared|x64
		{B057A1FE-09F7-465E-B8B5-E1B659051D76}.release_shared|Mixed Platforms.Build.0 = release_shared|x64
		{B057A1FE-09F7-465E-B8B5-E1B659051D76}.release_shared|Win32.ActiveCfg = release_shared|x64
		{B057A1FE-09F7-465E-B8B5-E1B659051D76}.release_shared|x64.ActiveCfg = release_shared|x64
		{B057A1FE-09F7-465E-B8B5-E1B659051D76}.release_shared|x64.Build.0 = release_shared|x64
		{B057A1FE-09F7-465E-B8B5-E1B659051D76}.release_shared|x86.ActiveCfg = release_shared|x64
		{B057A1FE-09F7-465E-B8B5-E1B659051D76}.release_static_md|Any CPU.ActiveCfg = release_static_md|x64
		{B057A1FE-09F7-465E-B8B5-E1B659051D76}.release_static_md|Mixed Platforms.ActiveCfg = release_static_md|x64
		{B057A1FE-09F7-465E-B8B5-E1B659051D76}.release_static_md|Mixed Platforms.Build.0 = release_static_md|x64
		{B057A1FE-09F7-465E-B8B5-E1B659051D76}.release_static_md|Win32.ActiveCfg = release_static_md|x64
		{B057A1FE-09F7-465E-B8B5-E1B659051D76}.release_static_md|x64.ActiveCfg = release_static_md|x64
		{B057A1FE-09F7-465E-B8B5-E1B659051D76}.release_static_md|x64.Build.0 = release_static_md|x64
		{B057A1FE-09F7-465E-B8B5-E1B659051D76}.release_static_md|x86.ActiveCfg = release_static_md|x64
		{B057A1FE-09F7-465E-B8B5-E1B659051D76}.release_static_mt|Any CPU.ActiveCfg = release_static_mt|x64
		{B057A1FE-09F7-465E-B8B5-E1B659051D76}.release_static_mt|Mixed Platforms.ActiveCfg = release_static_mt|x64
		{B057A1FE-09F7-465E-B8B5-E1B659051D76}.release_static_mt|Mixed Platforms.Build.0 = release_static_mt|x64
		{B057A1FE-09F7-465E-B8B5-E1B659051D76}.release_static_mt|Win32.ActiveCfg = release_static_mt|x64
		{B057A1FE-09F7-465E-B8B5-E1B659051D76}.release_static_mt|x64.ActiveCfg = release_static_mt|x64
		{B057A1FE-09F7-465E-B8B5-E1B659051D76}.release_static_mt|x64.Build.0 = release_static_mt|x64
		{B057A1FE-09F7-465E-B8B5-E1B659051D76}.release_static_mt|x86.ActiveCfg = release_static_mt|x64
		{B057A1FE-09F7-465E-B8B5-E1B659051D76}.Release|Any CPU.ActiveCfg = release_shared|x64
		{B057A1FE-09F7-465E-B8B5-E1B659051D76}.Release|Mixed Platforms.ActiveCfg = release_shared|x64
		{B057A1FE-09F7-465E-B8B5-E1B659051D76}.Release|Mixed Platforms.Build.0 = release_shared|x64
		{B057A1FE-09F7-465E-B8B5-E1B659051D76}.Release|Win32.ActiveCfg = release_shared|x64
		{B057A1FE-09F7-465E-B8B5-E1B659051D76}.Release|x64.ActiveCfg = release_shared|x64
		{B057A1FE-09F7-465E-B8B5-E1B659051D76}.Release|x64.Build.0 = release_shared|x64
		{B057A1FE-09F7-465E-B8B5-E1B659051D76}.Release|x86.ActiveCfg = release_shared|x64
		{1A940E93-7F05-4D79-B715-6354D76AC62D}.debug_shared|Any CPU.ActiveCfg = debug_shared|Win32
		{1A940E93-7F05-4D79-B715-6354D76AC62D}.debug_shared|Mixed Platforms.ActiveCfg = debug_shared|Win32
		{1A940E93-7F05-4D79-B715-6354D76AC62D}.debug_shared|Mixed Platforms.Build.0 = debug_shared|Win32
		{1A940E93-7F05-4D79-B715-6354D76AC62D}.debug_shared|Win32.ActiveCfg = debug_shared|Win32
		{1A940E93-7F05-4D79-B715-6354D76AC62D}.debug_shared|Win32.Build.0 = debug_shared|Win32
		{1A940E93-7F05-4D79-B715-6354D76AC62D}.debug_shared|x64.ActiveCfg = debug_shared|Win32
		{1A940E93-7F05-4D79-B715-6354D76AC62D}.debug_shared|x86.ActiveCfg = debug_shared|Win32
		{1A940E93-7F05-4D79-B715-6354D76AC62D}.debug_shared|x86.Build.0 = debug_shared|Win32
		{1A940E93-7F05-4D79-B715-6354D76AC62D}.debug_static_md|Any CPU.ActiveCfg = debug_static_md|Win32
		{1A940E93-7F05-4D79-B715-6354D76AC62D}.debug_static_md|Mixed Platforms.ActiveCfg = debug_static_md|Win32
		{1A940E93-7F05-4D79-B715-6354D76AC62D}.debug_static_md|Mixed Platforms.Build.0 = debug_static_md|Win32
		{1A940E93-7F05-4D79-B715-6354D76AC62D}.debug_static_md|Win32.ActiveCfg = debug_static_md|Win32
		{1A940E93-7F05-4D79-B715-6354D76AC62D}.debug_static_md|Win32.Build.0 = debug_static_md|Win32
		{1A940E93-7F05-4D79-B715-6354D76AC62D}.debug_static_md|x64.ActiveCfg = debug_static_md|Win32
		{1A940E93-7F05-4D79-B715-6354D76AC62D}.debug_static_md|x86.ActiveCfg = debug_static_md|Win32
		{1A940E93-7F05-4D79-B715-6354D76AC62D}.debug_static_md|x86.Build.0 = debug_static_md|Win32
		{1A940E93-7F05-4D79-B715-6354D76AC62D}.debug_static_mt|Any CPU.ActiveCfg = debug_static_mt|Win32
		{1A940E93-7F05-4D79-B715-6354D76AC62D}.debug_static_mt|Mixed Platforms.ActiveCfg = debug_static_mt|Win32
		{1A940E93-7F05-4D79-B715-6354D76AC62D}.debug_static_mt|Mixed Platforms.Build.0 = debug_static_mt|Win32
		{1A940E93-7F05-4D79-B715-6354D76AC62D}.debug_static_mt|Win32.ActiveCfg = debug_static_mt|Win32
		{1A940E93-7F05-4D79-B715-6354D76AC62D}.debug_static_mt|Win32.Build.0 = debug_static_mt|Win32
		{1A940E93-7F05-4D79-B715-6354D76AC62D}.debug_static_mt|x64.ActiveCfg = debug_static_mt|Win32
		{1A940E93-7F05-4D79-B715-6354D76AC62D}.debug_static_mt|x86.ActiveCfg = debug_static_mt|Win32
		{1A940E93-7F05-4D79-B715-6354D76AC62D}.debug_static_mt|x86.Build.0 = debug_static_mt|Win32
		{1A940E93-7F05-4D79-B715-6354D76AC62D}.Debug|Any CPU.ActiveCfg = debug_shared|Win32
		{1A940E93-7F05-4D79-B715-6354D76AC62D}.Debug|Mixed Platforms.ActiveCfg = debug_shared|Win32
		{1A940E93-7F05-4D79-B715-6354D76AC62D}.Debug|Mixed Platforms.Build.0 = debug_shared|Win32
		{1A940E93-7F05-4D79-B715-6354D76AC62D}.Debug|Win32.ActiveCfg = debug_shared|Win32
		{1A940E93-7F05-4D79-B715-6354D76AC62D}.Debug|Win32.Build.0 = debug_shared|Win32
		{1A940E93-7F05-4D79-B715-6354D76AC62D}.Debug|x64.ActiveCfg = debug_shared|Win32
		{1A940E93-7F05-4D79-B715-6354D76AC62D}.Debug|x86.ActiveCfg = debug_shared|Win32
		{1A940E93-7F05-4D79-B715-6354D76AC62D}.Debug|x86.Build.0 = debug_shared|Win32
		{1A940E93-7F05-4D79-B715-6354D76AC62D}.release_shared|Any CPU.ActiveCfg = release_shared|Win32
		{1A940E93-7F05-4D79-B715-6354D76AC62D}.release_shared|Mixed Platforms.ActiveCfg = release_shared|Win32
		{1A940E93-7F05-4D79-B715-6354D76AC62D}.release_shared|Mixed Platforms.Build.0 = release_shared|Win32
		{1A940E93-7F05-4D79-B715-6354D76AC62D}.release_shared|Win32.ActiveCfg = release_shared|Win32
		{1A940E93-7F05-4D79-B715-6354D76AC62D}.release_shared|Win32.Build.0 = release_shared|Win32
		{1A940E93-7F05-4D79-B715-6354D76AC62D}.release_shared|x64.ActiveCfg = release_shared|Win32
		{1A940E93-7F05-4D79-B715-6354D76AC62D}.release_shared|x86.ActiveCfg = release_shared|Win32
		{1A940E93-7F05-4D79-B715-6354D76AC62D}.release_shared|x86.Build.0 = release_shared|Win32
		{1A940E93-7F05-4D79-B715-6354D76AC62D}.release_static_md|Any CPU.ActiveCfg = release_static_md|Win32
		{1A940E93-7F05-4D79-B715-6354D76AC62D}.release_static_md|Mixed Platforms.ActiveCfg = release_static_md|Win32
		{1A940E93-7F05-4D79-B715-6354D76AC62D}.release_static_md|Mixed Platforms.Build.0 = release_static_md|Win32
		{1A940E93-7F05-4D79-B715-6354D76AC62D}.release_static_md|Win32.ActiveCfg = release_static_md|Win32
		{1A940E93-7F05-4D79-B715-6354D76AC62D}.release_static_md|Win32.Build.0 = release_static_md|Win32
		{1A940E93-7F05-4D79-B715-6354D76AC62D}.release_static_md|x64.ActiveCfg = release_static_md|Win32
		{1A940E93-7F05-4D79-B715-6354D76AC62D}.release_static_md|x86.ActiveCfg = release_static_md|Win32
		{1A940E93-7F05-4D79-B715-6354D76AC62D}.release_static_md|x86.Build.0 = release_static_md|Win32
		{1A940E93-7F05-4D79-B715-6354D76AC62D}.release_static_mt|Any CPU.ActiveCfg = release_static_mt|Win32
		{1A940E93-7F05-4D79-B715-6354D76AC62D}.release_static_mt|Mixed Platforms.ActiveCfg = release_static_mt|Win32
		{1A940E93-7F05-4D79-B715-6354D76AC62D}.release_static_mt|Mixed Platforms.Build.0 = release_static_mt|Win32
		{1A940E93-7F05-4D79-B715-6354D76AC62D}.release_static_mt|Win32.ActiveCfg = release_static_mt|Win32
		{1A940E93-7F05-4D79-B715-6354D76AC62D}.release_static_mt|Win32.Build.0 = release_static_mt|Win32
		{1A940E93-7F05-4D79-B715-6354D76AC62D}.release_static_mt|x64.ActiveCfg = release_static_mt|Win32
		{1A940E93-7F05-4D79-B715-6354D76AC62D}.release_static_mt|x86.ActiveCfg = release_static_mt|Win32
		{1A940E93-7F05-4D79-B715-6354D76AC62D}.release_static_mt|x86.Build.0 = release_static_mt|Win32
		{1A940E93-7F05-4D79-B715-6354D76AC62D}.Release|Any CPU.ActiveCfg = release_shared|Win32
		{1A940E93-7F05-4D79-B715-6354D76AC62D}.Release|Mixed Platforms.ActiveCfg = release_shared|Win32
		{1A940E93-7F05-4D79-B715-6354D76AC62D}.Release|Mixed Platforms.Build.0 = release_shared|Win32
		{1A940E93-7F05-4D79-B715-6354D76AC62D}.Release|Win32.ActiveCfg = release_shared|Win32
		{1A940E93-7F05-4D79-B715-6354D76AC62D}.Release|Win32.Build.0 = release_shared|Win32
		{1A940E93-7F05-4D79-B715-6354D76AC62D}.Release|x64.ActiveCfg = release_shared|Win32
		{1A940E93-7F05-4D79-B715-6354D76AC62D}.Release|x86.ActiveCfg = release_shared|Win32
		{1A940E93-7F05-4D79-B715-6354D76AC62D}.Release|x86.Build.0 = release_shared|Win32
		{8164D41D-B053-405B-826C-CF37AC0EF176}.debug_shared|Any CPU.ActiveCfg = debug_shared|x64
		{8164D41D-B053-405B-826C-CF37AC0EF176}.debug_shared|Mixed Platforms.ActiveCfg = debug_shared|x64
		{8164D41D-B053-405B-826C-CF37AC0EF176}.debug_shared|Mixed Platforms.Build.0 = debug_shared|x64
		{8164D41D-B053-405B-826C-CF37AC0EF176}.debug_shared|Win32.ActiveCfg = debug_shared|x64
		{8164D41D-B053-405B-826C-CF37AC0EF176}.debug_shared|x64.ActiveCfg = debug_shared|x64
		{8164D41D-B053-405B-826C-CF37AC0EF176}.debug_shared|x64.Build.0 = debug_shared|x64
		{8164D41D-B053-405B-826C-CF37AC0EF176}.debug_shared|x86.ActiveCfg = debug_shared|x64
		{8164D41D-B053-405B-826C-CF37AC0EF176}.debug_static_md|Any CPU.ActiveCfg = debug_static_md|x64
		{8164D41D-B053-405B-826C-CF37AC0EF176}.debug_static_md|Mixed Platforms.ActiveCfg = debug_static_md|x64
		{8164D41D-B053-405B-826C-CF37AC0EF176}.debug_static_md|Mixed Platforms.Build.0 = debug_static_md|x64
		{8164D41D-B053-405B-826C-CF37AC0EF176}.debug_static_md|Win32.ActiveCfg = debug_static_md|x64
		{8164D41D-B053-405B-826C-CF37AC0EF176}.debug_static_md|x64.ActiveCfg = debug_static_md|x64
		{8164D41D-B053-405B-826C-CF37AC0EF176}.debug_static_md|x64.Build.0 = debug_static_md|x64
		{8164D41D-B053-405B-826C-CF37AC0EF176}.debug_static_md|x86.ActiveCfg = debug_static_md|x64
		{8164D41D-B053-405B-826C-CF37AC0EF176}.debug_static_mt|Any CPU.ActiveCfg = debug_static_mt|x64
		{8164D41D-B053-405B-826C-CF37AC0EF176}.debug_static_mt|Mixed Platforms.ActiveCfg = debug_static_mt|x64
		{8164D41D-B053-405B-826C-CF37AC0EF176}.debug_static_mt|Mixed Platforms.Build.0 = debug_static_mt|x64
		{8164D41D-B053-405B-826C-CF37AC0EF176}.debug_static_mt|Win32.ActiveCfg = debug_static_mt|x64
		{8164D41D-B053-405B-826C-CF37AC0EF176}.debug_static_mt|x64.ActiveCfg = debug_static_mt|x64
		{8164D41D-B053-405B-826C-CF37AC0EF176}.debug_static_mt|x64.Build.0 = debug_static_mt|x64
		{8164D41D-B053-405B-826C-CF37AC0EF176}.debug_static_mt|x86.ActiveCfg = debug_static_mt|x64
		{8164D41D-B053-405B-826C-CF37AC0EF176}.Debug|Any CPU.ActiveCfg = debug_shared|x64
		{8164D41D-B053-405B-826C-CF37AC0EF176}.Debug|Mixed Platforms.ActiveCfg = debug_shared|x64
		{8164D41D-B053-405B-826C-CF37AC0EF176}.Debug|Mixed Platforms.Build.0 = debug_shared|x64
		{8164D41D-B053-405B-826C-CF37AC0EF176}.Debug|Win32.ActiveCfg = debug_shared|x64
		{8164D41D-B053-405B-826C-CF37AC0EF176}.Debug|x64.ActiveCfg = debug_shared|x64
		{8164D41D-B053-405B-826C-CF37AC0EF176}.Debug|x64.Build.0 = debug_shared|x64
		{8164D41D-B053-405B-826C-CF37AC0EF176}.Debug|x86.ActiveCfg = debug_shared|x64
		{8164D41D-B053-405B-826C-CF37AC0EF176}.release_shared|Any CPU.ActiveCfg = release_shared|x64
		{8164D41D-B053-405B-826C-CF37AC0EF176}.release_shared|Mixed Platforms.ActiveCfg = release_shared|x64
		{8164D41D-B053-405B-826C-CF37AC0EF176}.release_shared|Mixed Platforms.Build.0 = release_shared|x64
		{8164D41D-B053-405B-826C-CF37AC0EF176}.release_shared|Win32.ActiveCfg = release_shared|x64
		{8164D41D-B053-405B-826C-CF37AC0EF176}.release_shared|x64.ActiveCfg = release_shared|x64
		{8164D41D-B053-405B-826C-CF37AC0EF176}.release_shared|x64.Build.0 = release_shared|x64
		{8164D41D-B053-405B-826C-CF37AC0EF176}.release_shared|x86.ActiveCfg = release_shared|x64
		{8164D41D-B053-405B-826C-CF37AC0EF176}.release_static_md|Any CPU.ActiveCfg = release_static_md|x64
		{8164D41D-B053-405B-826C-CF37AC0EF176}.release_static_md|Mixed Platforms.ActiveCfg = release_static_md|x64
		{8164D41D-B053-405B-826C-CF37AC0EF176}.release_static_md|Mixed Platforms.Build.0 = release_static_md|x64
		{8164D41D-B053-405B-826C-CF37AC0EF176}.release_static_md|Win32.ActiveCfg = release_static_md|x64
		{8164D41D-B053-405B-826C-CF37AC0EF176}.release_static_md|x64.ActiveCfg = release_static_md|x64
		{8164D41D-B053-405B-826C-CF37AC0EF176}.release_static_md|x64.Build.0 = release_static_md|x64
		{8164D41D-B053-405B-826C-CF37AC0EF176}.release_static_md|x86.ActiveCfg = release_static_md|x64
		{8164D41D-B053-405B-826C-CF37AC0EF176}.release_static_mt|Any CPU.ActiveCfg = release_static_mt|x64
		{8164D41D-B053-405B-826C-CF37AC0EF176}.release_static_mt|Mixed Platforms.ActiveCfg = release_static_mt|x64
		{8164D41D-B053-405B-826C-CF37AC0EF176}.release_static_mt|Mixed Platforms.Build.0 = release_static_mt|x64
		{8164D41D-B053-405B-826C-CF37AC0EF176}.release_static_mt|Win32.ActiveCfg = release_static_mt|x64
		{8164D41D-B053-405B-826C-CF37AC0EF176}.release_static_mt|x64.ActiveCfg = release_static_mt|x64
		{8164D41D-B053-405B-826C-CF37AC0EF176}.release_static_mt|x64.Build.0 = release_static_mt|x64
		{8164D41D-B053-405B-826C-CF37AC0EF176}.release_static_mt|x86.ActiveCfg = release_static_mt|x64
		{8164D41D-B053-405B-826C-CF37AC0EF176}.Release|Any CPU.ActiveCfg = release_shared|x64
		{8164D41D-B053-405B-826C-CF37AC0EF176}.Release|Mixed Platforms.ActiveCfg = release_shared|x64
		{8164D41D-B053-405B-826C-CF37AC0EF176}.Release|Mixed Platforms.Build.0 = release_shared|x64
		{8164D41D-B053-405B-826C-CF37AC0EF176}.Release|Win32.ActiveCfg = release_shared|x64
		{8164D41D-B053-405B-826C-CF37AC0EF176}.Release|x64.ActiveCfg = release_shared|x64
		{8164D41D-B053-405B-826C-CF37AC0EF176}.Release|x64.Build.0 = release_shared|x64
		{8164D41D-B053-405B-826C-CF37AC0EF176}.Release|x86.ActiveCfg = release_shared|x64
		{E403A980-08A0-48D7-8C71-671C0E0BC6B9}.debug_shared|Any CPU.ActiveCfg = debug_shared|Win32
		{E403A980-08A0-48D7-8C71-671C0E0BC6B9}.debug_shared|Mixed Platforms.ActiveCfg = debug_shared|Win32
		{E403A980-08A0-48D7-8C71-671C0E0BC6B9}.debug_shared|Mixed Platforms.Build.0 = debug_shared|Win32
		{E403A980-08A0-48D7-8C71-671C0E0BC6B9}.debug_shared|Win32.ActiveCfg = debug_shared|Win32
		{E403A980-08A0-48D7-8C71-671C0E0BC6B9}.debug_shared|Win32.Build.0 = debug_shared|Win32
		{E403A980-08A0-48D7-8C71-671C0E0BC6B9}.debug_shared|x64.ActiveCfg = debug_shared|Win32
		{E403A980-08A0-48D7-8C71-671C0E0BC6B9}.debug_shared|x86.ActiveCfg = debug_shared|Win32
		{E403A980-08A0-48D7-8C71-671C0E0BC6B9}.debug_shared|x86.Build.0 = debug_shared|Win32
		{E403A980-08A0-48D7-8C71-671C0E0BC6B9}.debug_static_md|Any CPU.ActiveCfg = debug_static_md|Win32
		{E403A980-08A0-48D7-8C71-671C0E0BC6B9}.debug_static_md|Mixed Platforms.ActiveCfg = debug_static_md|Win32
		{E403A980-08A0-48D7-8C71-671C0E0BC6B9}.debug_static_md|Mixed Platforms.Build.0 = debug_static_md|Win32
		{E403A980-08A0-48D7-8C71-671C0E0BC6B9}.debug_static_md|Win32.ActiveCfg = debug_static_md|Win32
		{E403A980-08A0-48D7-8C71-671C0E0BC6B9}.debug_static_md|Win32.Build.0 = debug_static_md|Win32
		{E403A980-08A0-48D7-8C71-671C0E0BC6B9}.debug_static_md|x64.ActiveCfg = debug_static_md|Win32
		{E403A980-08A0-48D7-8C71-671C0E0BC6B9}.debug_static_md|x86.ActiveCfg = debug_static_md|Win32
		{E403A980-08A0-48D7-8C71-671C0E0BC6B9}.debug_static_md|x86.Build.0 = debug_static_md|Win32
		{E403A980-08A0-48D7-8C71-671C0E0BC6B9}.debug_static_mt|Any CPU.ActiveCfg = debug_static_mt|Win32
		{E403A980-08A0-48D7-8C71-671C0E0BC6B9}.debug_static_mt|Mixed Platforms.ActiveCfg = debug_static_mt|Win32
		{E403A980-08A0-48D7-8C71-671C0E0BC6B9}.debug_static_mt|Mixed Platforms.Build.0 = debug_static_mt|Win32
		{E403A980-08A0-48D7-8C71-671C0E0BC6B9}.debug_static_mt|Win32.ActiveCfg = debug_static_mt|Win32
		{E403A980-08A0-48D7-8C71-671C0E0BC6B9}.debug_static_mt|Win32.Build.0 = debug_static_mt|Win32
		{E403A980-08A0-48D7-8C71-671C0E0BC6B9}.debug_static_mt|x64.ActiveCfg = debug_static_mt|Win32
		{E403A980-08A0-48D7-8C71-671C0E0BC6B9}.debug_static_mt|x86.ActiveCfg = debug_static_mt|Win32
		{E403A980-08A0-48D7-8C71-671C0E0BC6B9}.debug_static_mt|x86.Build.0 = debug_static_mt|Win32
		{E403A980-08A0-48D7-8C71-671C0E0BC6B9}.Debug|Any CPU.ActiveCfg = debug_shared|Win32
		{E403A980-08A0-48D7-8C71-671C0E0BC6B9}.Debug|Mixed Platforms.ActiveCfg = debug_shared|Win32
		{E403A980-08A0-48D7-8C71-671C0E0BC6B9}.Debug|Mixed Platforms.Build.0 = debug_shared|Win32
		{E403A980-08A0-48D7-8C71-671C0E0BC6B9}.Debug|Win32.ActiveCfg = debug_shared|Win32
		{E403A980-08A0-48D7-8C71-671C0E0BC6B9}.Debug|Win32.Build.0 = debug_shared|Win32
		{E403A980-08A0-48D7-8C71-671C0E0BC6B9}.Debug|x64.ActiveCfg = debug_shared|Win32
		{E403A980-08A0-48D7-8C71-671C0E0BC6B9}.Debug|x86.ActiveCfg = debug_shared|Win32
		{E403A980-08A0-48D7-8C71-671C0E0BC6B9}.Debug|x86.Build.0 = debug_shared|Win32
		{E403A980-08A0-48D7-8C71-671C0E0BC6B9}.release_shared|Any CPU.ActiveCfg = release_shared|Win32
		{E403A980-08A0-48D7-8C71-671C0E0BC6B9}.release_shared|Mixed Platforms.ActiveCfg = release_shared|Win32
		{E403A980-08A0-48D7-8C71-671C0E0BC6B9}.release_shared|Mixed Platforms.Build.0 = release_shared|Win32
		{E403A980-08A0-48D7-8C71-671C0E0BC6B9}.release_shared|Win32.ActiveCfg = release_shared|Win32
		{E403A980-08A0-48D7-8C71-671C0E0BC6B9}.release_shared|Win32.Build.0 = release_shared|Win32
		{E403A980-08A0-48D7-8C71-671C0E0BC6B9}.release_shared|x64.ActiveCfg = release_shared|Win32
		{E403A980-08A0-48D7-8C71-671C0E0BC6B9}.release_shared|x86.ActiveCfg = release_shared|Win32
		{E403A980-08A0-48D7-8C71-671C0E0BC6B9}.release_shared|x86.Build.0 = release_shared|Win32
		{E403A980-08A0-48D7-8C71-671C0E0BC6B9}.release_static_md|Any CPU.ActiveCfg = release_static_md|Win32
		{E403A980-08A0-48D7-8C71-671C0E0BC6B9}.release_static_md|Mixed Platforms.ActiveCfg = release_static_md|Win32
		{E403A980-08A0-48D7-8C71-671C0E0BC6B9}.release_static_md|Mixed Platforms.Build.0 = release_static_md|Win32
		{E403A980-08A0-48D7-8C71-671C0E0BC6B9}.release_static_md|Win32.ActiveCfg = release_static_md|Win32
		{E403A980-08A0-48D7-8C71-671C0E0BC6B9}.release_static_md|Win32.Build.0 = release_static_md|Win32
		{E403A980-08A0-48D7-8C71-671C0E0BC6B9}.release_static_md|x64.ActiveCfg = release_static_md|Win32
		{E403A980-08A0-48D7-8C71-671C0E0BC6B9}.release_static_md|x86.ActiveCfg = release_static_md|Win32
		{E403A980-08A0-48D7-8C71-671C0E0BC6B9}.release_static_md|x86.Build.0 = release_static_md|Win32
		{E403A980-08A0-48D7-8C71-671C0E0BC6B9}.release_static_mt|Any CPU.ActiveCfg = release_static_mt|Win32
		{E403A980-08A0-48D7-8C71-671C0E0BC6B9}.release_static_mt|Mixed Platforms.ActiveCfg = release_static_mt|Win32
		{E403A980-08A0-48D7-8C71-671C0E0BC6B9}.release_static_mt|Mixed Platforms.Build.0 = release_static_mt|Win32
		{E403A980-08A0-48D7-8C71-671C0E0BC6B9}.release_static_mt|Win32.ActiveCfg = release_static_mt|Win32
		{E403A980-08A0-48D7-8C71-671C0E0BC6B9}.release_static_mt|Win32.Build.0 = release_static_mt|Win32
		{E403A980-08A0-48D7-8C71-671C0E0BC6B9}.release_static_mt|x64.ActiveCfg = release_static_mt|Win32
		{E403A980-08A0-48D7-8C71-671C0E0BC6B9}.release_static_mt|x86.ActiveCfg = release_static_mt|Win32
		{E403A980-08A0-48D7-8C71-671C0E0BC6B9}.release_static_mt|x86.Build.0 = release_static_mt|Win32
		{E403A980-08A0-48D7-8C71-671C0E0BC6B9}.Release|Any CPU.ActiveCfg = release_shared|Win32
		{E403A980-08A0-48D7-8C71-671C0E0BC6B9}.Release|Mixed Platforms.ActiveCfg = release_shared|Win32
		{E403A980-08A0-48D7-8C71-671C0E0BC6B9}.Release|Mixed Platforms.Build.0 = release_shared|Win32
		{E403A980-08A0-48D7-8C71-671C0E0BC6B9}.Release|Win32.ActiveCfg = release_shared|Win32
		{E403A980-08A0-48D7-8C71-671C0E0BC6B9}.Release|Win32.Build.0 = release_shared|Win32
		{E403A980-08A0-48D7-8C71-671C0E0BC6B9}.Release|x64.ActiveCfg = release_shared|Win32
		{E403A980-08A0-48D7-8C71-671C0E0BC6B9}.Release|x86.ActiveCfg = release_shared|Win32
		{E403A980-08A0-48D7-8C71-671C0E0BC6B9}.Release|x86.Build.0 = release_shared|Win32
		{6FF56CDB-787A-4714-A28C-919003F9FA6C}.debug_shared|Any CPU.ActiveCfg = debug_shared|x64
		{6FF56CDB-787A-4714-A28C-919003F9FA6C}.debug_shared|Mixed Platforms.ActiveCfg = debug_shared|x64
		{6FF56CDB-787A-4714-A28C-919003F9FA6C}.debug_shared|Mixed Platforms.Build.0 = debug_shared|x64
		{6FF56CDB-787A-4714-A28C-919003F9FA6C}.debug_shared|Win32.ActiveCfg = debug_shared|x64
		{6FF56CDB-787A-4714-A28C-919003F9FA6C}.debug_shared|x64.ActiveCfg = debug_shared|x64
		{6FF56CDB-787A-4714-A28C-919003F9FA6C}.debug_shared|x64.Build.0 = debug_shared|x64
		{6FF56CDB-787A-4714-A28C-919003F9FA6C}.debug_shared|x86.ActiveCfg = debug_shared|x64
		{6FF56CDB-787A-4714-A28C-919003F9FA6C}.debug_static_md|Any CPU.ActiveCfg = debug_static_md|x64
		{6FF56CDB-787A-4714-A28C-919003F9FA6C}.debug_static_md|Mixed Platforms.ActiveCfg = debug_static_md|x64
		{6FF56CDB-787A-4714-A28C-919003F9FA6C}.debug_static_md|Mixed Platforms.Build.0 = debug_static_md|x64
		{6FF56CDB-787A-4714-A28C-919003F9FA6C}.debug_static_md|Win32.ActiveCfg = debug_static_md|x64
		{6FF56CDB-787A-4714-A28C-919003F9FA6C}.debug_static_md|x64.ActiveCfg = debug_static_md|x64
		{6FF56CDB-787A-4714-A28C-919003F9FA6C}.debug_static_md|x64.Build.0 = debug_static_md|x64
		{6FF56CDB-787A-4714-A28C-919003F9FA6C}.debug_static_md|x86.ActiveCfg = debug_static_md|x64
		{6FF56CDB-787A-4714-A28C-919003F9FA6C}.debug_static_mt|Any CPU.ActiveCfg = debug_static_mt|x64
		{6FF56CDB-787A-4714-A28C-919003F9FA6C}.debug_static_mt|Mixed Platforms.ActiveCfg = debug_static_mt|x64
		{6FF56CDB-787A-4714-A28C-919003F9FA6C}.debug_static_mt|Mixed Platforms.Build.0 = debug_static_mt|x64
		{6FF56CDB-787A-4714-A28C-919003F9FA6C}.debug_static_mt|Win32.ActiveCfg = debug_static_mt|x64
		{6FF56CDB-787A-4714-A28C-919003F9FA6C}.debug_static_mt|x64.ActiveCfg = debug_static_mt|x64
		{6FF56CDB-787A-4714-A28C-919003F9FA6C}.debug_static_mt|x64.Build.0 = debug_static_mt|x64
		{6FF56CDB-787A-4714-A28C-919003F9FA6C}.debug_static_mt|x86.ActiveCfg = debug_static_mt|x64
		{6FF56CDB-787A-4714-A28C-919003F9FA6C}.Debug|Any CPU.ActiveCfg = debug_shared|x64
		{6FF56CDB-787A-4714-A28C-919003F9FA6C}.Debug|Mixed Platforms.ActiveCfg = debug_shared|x64
		{6FF56CDB-787A-4714-A28C-919003F9FA6C}.Debug|Mixed Platforms.Build.0 = debug_shared|x64
		{6FF56CDB-787A-4714-A28C-919003F9FA6C}.Debug|Win32.ActiveCfg = debug_shared|x64
		{6FF56CDB-787A-4714-A28C-919003F9FA6C}.Debug|x64.ActiveCfg = debug_shared|x64
		{6FF56CDB-787A-4714-A28C-919003F9FA6C}.Debug|x64.Build.0 = debug_shared|x64
		{6FF56CDB-787A-4714-A28C-919003F9FA6C}.Debug|x86.ActiveCfg = debug_shared|x64
		{6FF56CDB-787A-4714-A28C-919003F9FA6C}.release_shared|Any CPU.ActiveCfg = release_shared|x64
		{6FF56CDB-787A-4714-A28C-919003F9FA6C}.release_shared|Mixed Platforms.ActiveCfg = release_shared|x64
		{6FF56CDB-787A-4714-A28C-919003F9FA6C}.release_shared|Mixed Platforms.Build.0 = release_shared|x64
		{6FF56CDB-787A-4714-A28C-919003F9FA6C}.release_shared|Win32.ActiveCfg = release_shared|x64
		{6FF56CDB-787A-4714-A28C-919003F9FA6C}.release_shared|x64.ActiveCfg = release_shared|x64
		{6FF56CDB-787A-4714-A28C-919003F9FA6C}.release_shared|x64.Build.0 = release_shared|x64
		{6FF56CDB-787A-4714-A28C-919003F9FA6C}.release_shared|x86.ActiveCfg = release_shared|x64
		{6FF56CDB-787A-4714-A28C-919003F9FA6C}.release_static_md|Any CPU.ActiveCfg = release_static_md|x64
		{6FF56CDB-787A-4714-A28C-919003F9FA6C}.release_static_md|Mixed Platforms.ActiveCfg = release_static_md|x64
		{6FF56CDB-787A-4714-A28C-919003F9FA6C}.release_static_md|Mixed Platforms.Build.0 = release_static_md|x64
		{6FF56CDB-787A-4714-A28C-919003F9FA6C}.release_static_md|Win32.ActiveCfg = release_static_md|x64
		{6FF56CDB-787A-4714-A28C-919003F9FA6C}.release_static_md|x64.ActiveCfg = release_static_md|x64
		{6FF56CDB-787A-4714-A28C-919003F9FA6C}.release_static_md|x64.Build.0 = release_static_md|x64
		{6FF56CDB-787A-4714-A28C-919003F9FA6C}.release_static_md|x86.ActiveCfg = release_static_md|x64
		{6FF56CDB-787A-4714-A28C-919003F9FA6C}.release_static_mt|Any CPU.ActiveCfg = release_static_mt|x64
		{6FF56CDB-787A-4714-A28C-919003F9FA6C}.release_static_mt|Mixed Platforms.ActiveCfg = release_static_mt|x64
		{6FF56CDB-787A-4714-A28C-919003F9FA6C}.release_static_mt|Mixed Platforms.Build.0 = release_static_mt|x64
		{6FF56CDB-787A-4714-A28C-919003F9FA6C}.release_static_mt|Win32.ActiveCfg = release_static_mt|x64
		{6FF56CDB-787A-4714-A28C-919003F9FA6C}.release_static_mt|x64.ActiveCfg = release_static_mt|x64
		{6FF56CDB-787A-4714-A28C-919003F9FA6C}.release_static_mt|x64.Build.0 = release_static_mt|x64
		{6FF56CDB-787A-4714-A28C-919003F9FA6C}.release_static_mt|x86.ActiveCfg = release_static_mt|x64
		{6FF56CDB-787A-4714-A28C-919003F9FA6C}.Release|Any CPU.ActiveCfg = release_shared|x64
		{6FF56CDB-787A-4714-A28C-919003F9FA6C}.Release|Mixed Platforms.ActiveCfg = release_shared|x64
		{6FF56CDB-787A-4714-A28C-919003F9FA6C}.Release|Mixed Platforms.Build.0 = release_shared|x64
		{6FF56CDB-787A-4714-A28C-919003F9FA6C}.Release|Win32.ActiveCfg = release_shared|x64
		{6FF56CDB-787A-4714-A28C-919003F9FA6C}.Release|x64.ActiveCfg = release_shared|x64
		{6FF56CDB-787A-4714-A28C-919003F9FA6C}.Release|x64.Build.0 = release_shared|x64
		{6FF56CDB-787A-4714-A28C-919003F9FA6C}.Release|x86.ActiveCfg = release_shared|x64
		{B05C6219-EC9E-4069-B6BF-AAD424D1AB12}.debug_shared|Any CPU.ActiveCfg = debug_shared|Win32
		{B05C6219-EC9E-4069-B6BF-AAD424D1AB12}.debug_shared|Mixed Platforms.ActiveCfg = debug_shared|Win32
		{B05C6219-EC9E-4069-B6BF-AAD424D1AB12}.debug_shared|Mixed Platforms.Build.0 = debug_shared|Win32
		{B05C6219-EC9E-4069-B6BF-AAD424D1AB12}.debug_shared|Win32.ActiveCfg = debug_shared|Win32
		{B05C6219-EC9E-4069-B6BF-AAD424D1AB12}.debug_shared|Win32.Build.0 = debug_shared|Win32
		{B05C6219-EC9E-4069-B6BF-AAD424D1AB12}.debug_shared|x64.ActiveCfg = debug_shared|Win32
		{B05C6219-EC9E-4069-B6BF-AAD424D1AB12}.debug_shared|x86.ActiveCfg = debug_shared|Win32
		{B05C6219-EC9E-4069-B6BF-AAD424D1AB12}.debug_shared|x86.Build.0 = debug_shared|Win32
		{B05C6219-EC9E-4069-B6BF-AAD424D1AB12}.debug_static_md|Any CPU.ActiveCfg = debug_static_md|Win32
		{B05C6219-EC9E-4069-B6BF-AAD424D1AB12}.debug_static_md|Mixed Platforms.ActiveCfg = debug_static_md|Win32
		{B05C6219-EC9E-4069-B6BF-AAD424D1AB12}.debug_static_md|Mixed Platforms.Build.0 = debug_static_md|Win32
		{B05C6219-EC9E-4069-B6BF-AAD424D1AB12}.debug_static_md|Win32.ActiveCfg = debug_static_md|Win32
		{B05C6219-EC9E-4069-B6BF-AAD424D1AB12}.debug_static_md|Win32.Build.0 = debug_static_md|Win32
		{B05C6219-EC9E-4069-B6BF-AAD424D1AB12}.debug_static_md|x64.ActiveCfg = debug_static_md|Win32
		{B05C6219-EC9E-4069-B6BF-AAD424D1AB12}.debug_static_md|x86.ActiveCfg = debug_static_md|Win32
		{B05C6219-EC9E-4069-B6BF-AAD424D1AB12}.debug_static_md|x86.Build.0 = debug_static_md|Win32
		{B05C6219-EC9E-4069-B6BF-AAD424D1AB12}.debug_static_mt|Any CPU.ActiveCfg = debug_static_mt|Win32
		{B05C6219-EC9E-4069-B6BF-AAD424D1AB12}.debug_static_mt|Mixed Platforms.ActiveCfg = debug_static_mt|Win32
		{B05C6219-EC9E-4069-B6BF-AAD424D1AB12}.debug_static_mt|Mixed Platforms.Build.0 = debug_static_mt|Win32
		{B05C6219-EC9E-4069-B6BF-AAD424D1AB12}.debug_static_mt|Win32.ActiveCfg = debug_static_mt|Win32
		{B05C6219-EC9E-4069-B6BF-AAD424D1AB12}.debug_static_mt|Win32.Build.0 = debug_static_mt|Win32
		{B05C6219-EC9E-4069-B6BF-AAD424D1AB12}.debug_static_mt|x64.ActiveCfg = debug_static_mt|Win32
		{B05C6219-EC9E-4069-B6BF-AAD424D1AB12}.debug_static_mt|x86.ActiveCfg = debug_static_mt|Win32
		{B05C6219-EC9E-4069-B6BF-AAD424D1AB12}.debug_static_mt|x86.Build.0 = debug_static_mt|Win32
		{B05C6219-EC9E-4069-B6BF-AAD424D1AB12}.Debug|Any CPU.ActiveCfg = debug_shared|Win32
		{B05C6219-EC9E-4069-B6BF-AAD424D1AB12}.Debug|Mixed Platforms.ActiveCfg = debug_shared|Win32
		{B05C6219-EC9E-4069-B6BF-AAD424D1AB12}.Debug|Mixed Platforms.Build.0 = debug_shared|Win32
		{B05C6219-EC9E-4069-B6BF-AAD424D1AB12}.Debug|Win32.ActiveCfg = debug_shared|Win32
		{B05C6219-EC9E-4069-B6BF-AAD424D1AB12}.Debug|Win32.Build.0 = debug_shared|Win32
		{B05C6219-EC9E-4069-B6BF-AAD424D1AB12}.Debug|x64.ActiveCfg = debug_shared|Win32
		{B05C6219-EC9E-4069-B6BF-AAD424D1AB12}.Debug|x86.ActiveCfg = debug_shared|Win32
		{B05C6219-EC9E-4069-B6BF-AAD424D1AB12}.Debug|x86.Build.0 = debug_shared|Win32
		{B05C6219-EC9E-4069-B6BF-AAD424D1AB12}.release_shared|Any CPU.ActiveCfg = release_shared|Win32
		{B05C6219-EC9E-4069-B6BF-AAD424D1AB12}.release_shared|Mixed Platforms.ActiveCfg = release_shared|Win32
		{B05C6219-EC9E-4069-B6BF-AAD424D1AB12}.release_shared|Mixed Platforms.Build.0 = release_shared|Win32
		{B05C6219-EC9E-4069-B6BF-AAD424D1AB12}.release_shared|Win32.ActiveCfg = release_shared|Win32
		{B05C6219-EC9E-4069-B6BF-AAD424D1AB12}.release_shared|Win32.Build.0 = release_shared|Win32
		{B05C6219-EC9E-4069-B6BF-AAD424D1AB12}.release_shared|x64.ActiveCfg = release_shared|Win32
		{B05C6219-EC9E-4069-B6BF-AAD424D1AB12}.release_shared|x86.ActiveCfg = release_shared|Win32
		{B05C6219-EC9E-4069-B6BF-AAD424D1AB12}.release_shared|x86.Build.0 = release_shared|Win32
		{B05C6219-EC9E-4069-B6BF-AAD424D1AB12}.release_static_md|Any CPU.ActiveCfg = release_static_md|Win32
		{B05C6219-EC9E-4069-B6BF-AAD424D1AB12}.release_static_md|Mixed Platforms.ActiveCfg = release_static_md|Win32
		{B05C6219-EC9E-4069-B6BF-AAD424D1AB12}.release_static_md|Mixed Platforms.Build.0 = release_static_md|Win32
		{B05C6219-EC9E-4069-B6BF-AAD424D1AB12}.release_static_md|Win32.ActiveCfg = release_static_md|Win32
		{B05C6219-EC9E-4069-B6BF-AAD424D1AB12}.release_static_md|Win32.Build.0 = release_static_md|Win32
		{B05C6219-EC9E-4069-B6BF-AAD424D1AB12}.release_static_md|x64.ActiveCfg = release_static_md|Win32
		{B05C6219-EC9E-4069-B6BF-AAD424D1AB12}.release_static_md|x86.ActiveCfg = release_static_md|Win32
		{B05C6219-EC9E-4069-B6BF-AAD424D1AB12}.release_static_md|x86.Build.0 = release_static_md|Win32
		{B05C6219-EC9E-4069-B6BF-AAD424D1AB12}.release_static_mt|Any CPU.ActiveCfg = release_static_mt|Win32
		{B05C6219-EC9E-4069-B6BF-AAD424D1AB12}.release_static_mt|Mixed Platforms.ActiveCfg = release_static_mt|Win32
		{B05C6219-EC9E-4069-B6BF-AAD424D1AB12}.release_static_mt|Mixed Platforms.Build.0 = release_static_mt|Win32
		{B05C6219-EC9E-4069-B6BF-AAD424D1AB12}.release_static_mt|Win32.ActiveCfg = release_static_mt|Win32
		{B05C6219-EC9E-4069-B6BF-AAD424D1AB12}.release_static_mt|Win32.Build.0 = release_static_mt|Win32
		{B05C6219-EC9E-4069-B6BF-AAD424D1AB12}.release_static_mt|x64.ActiveCfg = release_static_mt|Win32
		{B05C6219-EC9E-4069-B6BF-AAD424D1AB12}.release_static_mt|x86.ActiveCfg = release_static_mt|Win32
		{B05C6219-EC9E-4069-B6BF-AAD424D1AB12}.release_static_mt|x86.Build.0 = release_static_mt|Win32
		{B05C6219-EC9E-4069-B6BF-AAD424D1AB12}.Release|Any CPU.ActiveCfg = release_shared|Win32
		{B05C6219-EC9E-4069-B6BF-AAD424D1AB12}.Release|Mixed Platforms.ActiveCfg = release_shared|Win32
		{B05C6219-EC9E-4069-B6BF-AAD424D1AB12}.Release|Mixed Platforms.Build.0 = release_shared|Win32
		{B05C6219-EC9E-4069-B6BF-AAD424D1AB12}.Release|Win32.ActiveCfg = release_shared|Win32
		{B05C6219-EC9E-4069-B6BF-AAD424D1AB12}.Release|Win32.Build.0 = release_shared|Win32
		{B05C6219-EC9E-4069-B6BF-AAD424D1AB12}.Release|x64.ActiveCfg = release_shared|Win32
		{B05C6219-EC9E-4069-B6BF-AAD424D1AB12}.Release|x86.ActiveCfg = release_shared|Win32
		{B05C6219-EC9E-4069-B6BF-AAD424D1AB12}.Release|x86.Build.0 = release_shared|Win32
		{240E83C3-368D-11DB-9FBC-00123FC423B5}.debug_shared|Any CPU.ActiveCfg = debug_shared|x64
		{240E83C3-368D-11DB-9FBC-00123FC423B5}.debug_shared|Mixed Platforms.ActiveCfg = debug_shared|x64
		{240E83C3-368D-11DB-9FBC-00123FC423B5}.debug_shared|Mixed Platforms.Build.0 = debug_shared|x64
		{240E83C3-368D-11DB-9FBC-00123FC423B5}.debug_shared|Win32.ActiveCfg = debug_shared|x64
		{240E83C3-368D-11DB-9FBC-00123FC423B5}.debug_shared|x64.ActiveCfg = debug_shared|x64
		{240E83C3-368D-11DB-9FBC-00123FC423B5}.debug_shared|x64.Build.0 = debug_shared|x64
		{240E83C3-368D-11DB-9FBC-00123FC423B5}.debug_shared|x86.ActiveCfg = debug_shared|x64
		{240E83C3-368D-11DB-9FBC-00123FC423B5}.debug_static_md|Any CPU.ActiveCfg = debug_static_md|x64
		{240E83C3-368D-11DB-9FBC-00123FC423B5}.debug_static_md|Mixed Platforms.ActiveCfg = debug_static_md|x64
		{240E83C3-368D-11DB-9FBC-00123FC423B5}.debug_static_md|Mixed Platforms.Build.0 = debug_static_md|x64
		{240E83C3-368D-11DB-9FBC-00123FC423B5}.debug_static_md|Win32.ActiveCfg = debug_static_md|x64
		{240E83C3-368D-11DB-9FBC-00123FC423B5}.debug_static_md|x64.ActiveCfg = debug_static_md|x64
		{240E83C3-368D-11DB-9FBC-00123FC423B5}.debug_static_md|x64.Build.0 = debug_static_md|x64
		{240E83C3-368D-11DB-9FBC-00123FC423B5}.debug_static_md|x86.ActiveCfg = debug_static_md|x64
		{240E83C3-368D-11DB-9FBC-00123FC423B5}.debug_static_mt|Any CPU.ActiveCfg = debug_static_mt|x64
		{240E83C3-368D-11DB-9FBC-00123FC423B5}.debug_static_mt|Mixed Platforms.ActiveCfg = debug_static_mt|x64
		{240E83C3-368D-11DB-9FBC-00123FC423B5}.debug_static_mt|Mixed Platforms.Build.0 = debug_static_mt|x64
		{240E83C3-368D-11DB-9FBC-00123FC423B5}.debug_static_mt|Win32.ActiveCfg = debug_static_mt|x64
		{240E83C3-368D-11DB-9FBC-00123FC423B5}.debug_static_mt|x64.ActiveCfg = debug_static_mt|x64
		{240E83C3-368D-11DB-9FBC-00123FC423B5}.debug_static_mt|x64.Build.0 = debug_static_mt|x64
		{240E83C3-368D-11DB-9FBC-00123FC423B5}.debug_static_mt|x86.ActiveCfg = debug_static_mt|x64
		{240E83C3-368D-11DB-9FBC-00123FC423B5}.Debug|Any CPU.ActiveCfg = debug_shared|x64
		{240E83C3-368D-11DB-9FBC-00123FC423B5}.Debug|Mixed Platforms.ActiveCfg = debug_shared|x64
		{240E83C3-368D-11DB-9FBC-00123FC423B5}.Debug|Mixed Platforms.Build.0 = debug_shared|x64
		{240E83C3-368D-11DB-9FBC-00123FC423B5}.Debug|Win32.ActiveCfg = debug_shared|x64
		{240E83C3-368D-11DB-9FBC-00123FC423B5}.Debug|x64.ActiveCfg = debug_shared|x64
		{240E83C3-368D-11DB-9FBC-00123FC423B5}.Debug|x64.Build.0 = debug_shared|x64
		{240E83C3-368D-11DB-9FBC-00123FC423B5}.Debug|x86.ActiveCfg = debug_shared|x64
		{240E83C3-368D-11DB-9FBC-00123FC423B5}.release_shared|Any CPU.ActiveCfg = release_shared|x64
		{240E83C3-368D-11DB-9FBC-00123FC423B5}.release_shared|Mixed Platforms.ActiveCfg = release_shared|x64
		{240E83C3-368D-11DB-9FBC-00123FC423B5}.release_shared|Mixed Platforms.Build.0 = release_shared|x64
		{240E83C3-368D-11DB-9FBC-00123FC423B5}.release_shared|Win32.ActiveCfg = release_shared|x64
		{240E83C3-368D-11DB-9FBC-00123FC423B5}.release_shared|x64.ActiveCfg = release_shared|x64
		{240E83C3-368D-11DB-9FBC-00123FC423B5}.release_shared|x64.Build.0 = release_shared|x64
		{240E83C3-368D-11DB-9FBC-00123FC423B5}.release_shared|x86.ActiveCfg = release_shared|x64
		{240E83C3-368D-11DB-9FBC-00123FC423B5}.release_static_md|Any CPU.ActiveCfg = release_static_md|x64
		{240E83C3-368D-11DB-9FBC-00123FC423B5}.release_static_md|Mixed Platforms.ActiveCfg = release_static_md|x64
		{240E83C3-368D-11DB-9FBC-00123FC423B5}.release_static_md|Mixed Platforms.Build.0 = release_static_md|x64
		{240E83C3-368D-11DB-9FBC-00123FC423B5}.release_static_md|Win32.ActiveCfg = release_static_md|x64
		{240E83C3-368D-11DB-9FBC-00123FC423B5}.release_static_md|x64.ActiveCfg = release_static_md|x64
		{240E83C3-368D-11DB-9FBC-00123FC423B5}.release_static_md|x64.Build.0 = release_static_md|x64
		{240E83C3-368D-11DB-9FBC-00123FC423B5}.release_static_md|x86.ActiveCfg = release_static_md|x64
		{240E83C3-368D-11DB-9FBC-00123FC423B5}.release_static_mt|Any CPU.ActiveCfg = release_static_mt|x64
		{240E83C3-368D-11DB-9FBC-00123FC423B5}.release_static_mt|Mixed Platforms.ActiveCfg = release_static_mt|x64
		{240E83C3-368D-11DB-9FBC-00123FC423B5}.release_static_mt|Mixed Platforms.Build.0 = release_static_mt|x64
		{240E83C3-368D-11DB-9FBC-00123FC423B5}.release_static_mt|Win32.ActiveCfg = release_static_mt|x64
		{240E83C3-368D-11DB-9FBC-00123FC423B5}.release_static_mt|x64.ActiveCfg = release_static_mt|x64
		{240E83C3-368D-11DB-9FBC-00123FC423B5}.release_static_mt|x64.Build.0 = release_static_mt|x64
		{240E83C3-368D-11DB-9FBC-00123FC423B5}.release_static_mt|x86.ActiveCfg = release_static_mt|x64
		{240E83C3-368D-11DB-9FBC-00123FC423B5}.Release|Any CPU.ActiveCfg = release_shared|x64
		{240E83C3-368D-11DB-9FBC-00123FC423B5}.Release|Mixed Platforms.ActiveCfg = release_shared|x64
		{240E83C3-368D-11DB-9FBC-00123FC423B5}.Release|Mixed Platforms.Build.0 = release_shared|x64
		{240E83C3-368D-11DB-9FBC-00123FC423B5}.Release|Win32.ActiveCfg = release_shared|x64
		{240E83C3-368D-11DB-9FBC-00123FC423B5}.Release|x64.ActiveCfg = release_shared|x64
		{240E83C3-368D-11DB-9FBC-00123FC423B5}.Release|x64.Build.0 = release_shared|x64
		{240E83C3-368D-11DB-9FBC-00123FC423B5}.Release|x86.ActiveCfg = release_shared|x64
		{FB68BF3D-4925-4773-A937-D04C59627BE3}.debug_shared|Any CPU.ActiveCfg = debug_shared|Win32
		{FB68BF3D-4925-4773-A937-D04C59627BE3}.debug_shared|Mixed Platforms.ActiveCfg = debug_shared|Win32
		{FB68BF3D-4925-4773-A937-D04C59627BE3}.debug_shared|Mixed Platforms.Build.0 = debug_shared|Win32
		{FB68BF3D-4925-4773-A937-D04C59627BE3}.debug_shared|Win32.ActiveCfg = debug_shared|Win32
		{FB68BF3D-4925-4773-A937-D04C59627BE3}.debug_shared|Win32.Build.0 = debug_shared|Win32
		{FB68BF3D-4925-4773-A937-D04C59627BE3}.debug_shared|x64.ActiveCfg = debug_shared|Win32
		{FB68BF3D-4925-4773-A937-D04C59627BE3}.debug_shared|x86.ActiveCfg = debug_shared|Win32
		{FB68BF3D-4925-4773-A937-D04C59627BE3}.debug_shared|x86.Build.0 = debug_shared|Win32
		{FB68BF3D-4925-4773-A937-D04C59627BE3}.debug_static_md|Any CPU.ActiveCfg = debug_static_md|Win32
		{FB68BF3D-4925-4773-A937-D04C59627BE3}.debug_static_md|Mixed Platforms.ActiveCfg = debug_static_md|Win32
		{FB68BF3D-4925-4773-A937-D04C59627BE3}.debug_static_md|Mixed Platforms.Build.0 = debug_static_md|Win32
		{FB68BF3D-4925-4773-A937-D04C59627BE3}.debug_static_md|Win32.ActiveCfg = debug_static_md|Win32
		{FB68BF3D-4925-4773-A937-D04C59627BE3}.debug_static_md|Win32.Build.0 = debug_static_md|Win32
		{FB68BF3D-4925-4773-A937-D04C59627BE3}.debug_static_md|x64.ActiveCfg = debug_static_md|Win32
		{FB68BF3D-4925-4773-A937-D04C59627BE3}.debug_static_md|x86.ActiveCfg = debug_static_md|Win32
		{FB68BF3D-4925-4773-A937-D04C59627BE3}.debug_static_md|x86.Build.0 = debug_static_md|Win32
		{FB68BF3D-4925-4773-A937-D04C59627BE3}.debug_static_mt|Any CPU.ActiveCfg = debug_static_mt|Win32
		{FB68BF3D-4925-4773-A937-D04C59627BE3}.debug_static_mt|Mixed Platforms.ActiveCfg = debug_static_mt|Win32
		{FB68BF3D-4925-4773-A937-D04C59627BE3}.debug_static_mt|Mixed Platforms.Build.0 = debug_static_mt|Win32
		{FB68BF3D-4925-4773-A937-D04C59627BE3}.debug_static_mt|Win32.ActiveCfg = debug_static_mt|Win32
		{FB68BF3D-4925-4773-A937-D04C59627BE3}.debug_static_mt|Win32.Build.0 = debug_static_mt|Win32
		{FB68BF3D-4925-4773-A937-D04C59627BE3}.debug_static_mt|x64.ActiveCfg = debug_static_mt|Win32
		{FB68BF3D-4925-4773-A937-D04C59627BE3}.debug_static_mt|x86.ActiveCfg = debug_static_mt|Win32
		{FB68BF3D-4925-4773-A937-D04C59627BE3}.debug_static_mt|x86.Build.0 = debug_static_mt|Win32
		{FB68BF3D-4925-4773-A937-D04C59627BE3}.Debug|Any CPU.ActiveCfg = debug_shared|Win32
		{FB68BF3D-4925-4773-A937-D04C59627BE3}.Debug|Mixed Platforms.ActiveCfg = debug_shared|Win32
		{FB68BF3D-4925-4773-A937-D04C59627BE3}.Debug|Mixed Platforms.Build.0 = debug_shared|Win32
		{FB68BF3D-4925-4773-A937-D04C59627BE3}.Debug|Win32.ActiveCfg = debug_shared|Win32
		{FB68BF3D-4925-4773-A937-D04C59627BE3}.Debug|Win32.Build.0 = debug_shared|Win32
		{FB68BF3D-4925-4773-A937-D04C59627BE3}.Debug|x64.ActiveCfg = debug_shared|Win32
		{FB68BF3D-4925-4773-A937-D04C59627BE3}.Debug|x86.ActiveCfg = debug_shared|Win32
		{FB68BF3D-4925-4773-A937-D04C59627BE3}.Debug|x86.Build.0 = debug_shared|Win32
		{FB68BF3D-4925-4773-A937-D04C59627BE3}.release_shared|Any CPU.ActiveCfg = release_shared|Win32
		{FB68BF3D-4925-4773-A937-D04C59627BE3}.release_shared|Mixed Platforms.ActiveCfg = release_shared|Win32
		{FB68BF3D-4925-4773-A937-D04C59627BE3}.release_shared|Mixed Platforms.Build.0 = release_shared|Win32
		{FB68BF3D-4925-4773-A937-D04C59627BE3}.release_shared|Win32.ActiveCfg = release_shared|Win32
		{FB68BF3D-4925-4773-A937-D04C59627BE3}.release_shared|Win32.Build.0 = release_shared|Win32
		{FB68BF3D-4925-4773-A937-D04C59627BE3}.release_shared|x64.ActiveCfg = release_shared|Win32
		{FB68BF3D-4925-4773-A937-D04C59627BE3}.release_shared|x86.ActiveCfg = release_shared|Win32
		{FB68BF3D-4925-4773-A937-D04C59627BE3}.release_shared|x86.Build.0 = release_shared|Win32
		{FB68BF3D-4925-4773-A937-D04C59627BE3}.release_static_md|Any CPU.ActiveCfg = release_static_md|Win32
		{FB68BF3D-4925-4773-A937-D04C59627BE3}.release_static_md|Mixed Platforms.ActiveCfg = release_static_md|Win32
		{FB68BF3D-4925-4773-A937-D04C59627BE3}.release_static_md|Mixed Platforms.Build.0 = release_static_md|Win32
		{FB68BF3D-4925-4773-A937-D04C59627BE3}.release_static_md|Win32.ActiveCfg = release_static_md|Win32
		{FB68BF3D-4925-4773-A937-D04C59627BE3}.release_static_md|Win32.Build.0 = release_static_md|Win32
		{FB68BF3D-4925-4773-A937-D04C59627BE3}.release_static_md|x64.ActiveCfg = release_static_md|Win32
		{FB68BF3D-4925-4773-A937-D04C59627BE3}.release_static_md|x86.ActiveCfg = release_static_md|Win32
		{FB68BF3D-4925-4773-A937-D04C59627BE3}.release_static_md|x86.Build.0 = release_static_md|Win32
		{FB68BF3D-4925-4773-A937-D04C59627BE3}.release_static_mt|Any CPU.ActiveCfg = release_static_mt|Win32
		{FB68BF3D-4925-4773-A937-D04C59627BE3}.release_static_mt|Mixed Platforms.ActiveCfg = release_static_mt|Win32
		{FB68BF3D-4925-4773-A937-D04C59627BE3}.release_static_mt|Mixed Platforms.Build.0 = release_static_mt|Win32
		{FB68BF3D-4925-4773-A937-D04C59627BE3}.release_static_mt|Win32.ActiveCfg = release_static_mt|Win32
		{FB68BF3D-4925-4773-A937-D04C59627BE3}.release_static_mt|Win32.Build.0 = release_static_mt|Win32
		{FB68BF3D-4925-4773-A937-D04C59627BE3}.release_static_mt|x64.ActiveCfg = release_static_mt|Win32
		{FB68BF3D-4925-4773-A937-D04C59627BE3}.release_static_mt|x86.ActiveCfg = release_static_mt|Win32
		{FB68BF3D-4925-4773-A937-D04C59627BE3}.release_static_mt|x86.Build.0 = release_static_mt|Win32
		{FB68BF3D-4925-4773-A937-D04C59627BE3}.Release|Any CPU.ActiveCfg = release_shared|Win32
		{FB68BF3D-4925-4773-A937-D04C59627BE3}.Release|Mixed Platforms.ActiveCfg = release_shared|Win32
		{FB68BF3D-4925-4773-A937-D04C59627BE3}.Release|Mixed Platforms.Build.0 = release_shared|Win32
		{FB68BF3D-4925-4773-A937-D04C59627BE3}.Release|Win32.ActiveCfg = release_shared|Win32
		{FB68BF3D-4925-4773-A937-D04C59627BE3}.Release|Win32.Build.0 = release_shared|Win32
		{FB68BF3D-4925-4773-A937-D04C59627BE3}.Release|x64.ActiveCfg = release_shared|Win32
		{FB68BF3D-4925-4773-A937-D04C59627BE3}.Release|x86.ActiveCfg = release_shared|Win32
		{FB68BF3D-4925-4773-A937-D04C59627BE3}.Release|x86.Build.0 = release_shared|Win32
		{9E211743-85FE-4977-82F3-4F04B40C912D}.debug_shared|Any CPU.ActiveCfg = debug_shared|x64
		{9E211743-85FE-4977-82F3-4F04B40C912D}.debug_shared|Mixed Platforms.ActiveCfg = debug_shared|x64
		{9E211743-85FE-4977-82F3-4F04B40C912D}.debug_shared|Mixed Platforms.Build.0 = debug_shared|x64
		{9E211743-85FE-4977-82F3-4F04B40C912D}.debug_shared|Win32.ActiveCfg = debug_shared|x64
		{9E211743-85FE-4977-82F3-4F04B40C912D}.debug_shared|x64.ActiveCfg = debug_shared|x64
		{9E211743-85FE-4977-82F3-4F04B40C912D}.debug_shared|x64.Build.0 = debug_shared|x64
		{9E211743-85FE-4977-82F3-4F04B40C912D}.debug_shared|x86.ActiveCfg = debug_shared|x64
		{9E211743-85FE-4977-82F3-4F04B40C912D}.debug_static_md|Any CPU.ActiveCfg = debug_static_md|x64
		{9E211743-85FE-4977-82F3-4F04B40C912D}.debug_static_md|Mixed Platforms.ActiveCfg = debug_static_md|x64
		{9E211743-85FE-4977-82F3-4F04B40C912D}.debug_static_md|Mixed Platforms.Build.0 = debug_static_md|x64
		{9E211743-85FE-4977-82F3-4F04B40C912D}.debug_static_md|Win32.ActiveCfg = debug_static_md|x64
		{9E211743-85FE-4977-82F3-4F04B40C912D}.debug_static_md|x64.ActiveCfg = debug_static_md|x64
		{9E211743-85FE-4977-82F3-4F04B40C912D}.debug_static_md|x64.Build.0 = debug_static_md|x64
		{9E211743-85FE-4977-82F3-4F04B40C912D}.debug_static_md|x86.ActiveCfg = debug_static_md|x64
		{9E211743-85FE-4977-82F3-4F04B40C912D}.debug_static_mt|Any CPU.ActiveCfg = debug_static_mt|x64
		{9E211743-85FE-4977-82F3-4F04B40C912D}.debug_static_mt|Mixed Platforms.ActiveCfg = debug_static_mt|x64
		{9E211743-85FE-4977-82F3-4F04B40C912D}.debug_static_mt|Mixed Platforms.Build.0 = debug_static_mt|x64
		{9E211743-85FE-4977-82F3-4F04B40C912D}.debug_static_mt|Win32.ActiveCfg = debug_static_mt|x64
		{9E211743-85FE-4977-82F3-4F04B40C912D}.debug_static_mt|x64.ActiveCfg = debug_static_mt|x64
		{9E211743-85FE-4977-82F3-4F04B40C912D}.debug_static_mt|x64.Build.0 = debug_static_mt|x64
		{9E211743-85FE-4977-82F3-4F04B40C912D}.debug_static_mt|x86.ActiveCfg = debug_static_mt|x64
		{9E211743-85FE-4977-82F3-4F04B40C912D}.Debug|Any CPU.ActiveCfg = debug_shared|x64
		{9E211743-85FE-4977-82F3-4F04B40C912D}.Debug|Mixed Platforms.ActiveCfg = debug_shared|x64
		{9E211743-85FE-4977-82F3-4F04B40C912D}.Debug|Mixed Platforms.Build.0 = debug_shared|x64
		{9E211743-85FE-4977-82F3-4F04B40C912D}.Debug|Win32.ActiveCfg = debug_shared|x64
		{9E211743-85FE-4977-82F3-4F04B40C912D}.Debug|x64.ActiveCfg = debug_shared|x64
		{9E211743-85FE-4977-82F3-4F04B40C912D}.Debug|x64.Build.0 = debug_shared|x64
		{9E211743-85FE-4977-82F3-4F04B40C912D}.Debug|x86.ActiveCfg = debug_shared|x64
		{9E211743-85FE-4977-82F3-4F04B40C912D}.release_shared|Any CPU.ActiveCfg = release_shared|x64
		{9E211743-85FE-4977-82F3-4F04B40C912D}.release_shared|Mixed Platforms.ActiveCfg = release_shared|x64
		{9E211743-85FE-4977-82F3-4F04B40C912D}.release_shared|Mixed Platforms.Build.0 = release_shared|x64
		{9E211743-85FE-4977-82F3-4F04B40C912D}.release_shared|Win32.ActiveCfg = release_shared|x64
		{9E211743-85FE-4977-82F3-4F04B40C912D}.release_shared|x64.ActiveCfg = release_shared|x64
		{9E211743-85FE-4977-82F3-4F04B40C912D}.release_shared|x64.Build.0 = release_shared|x64
		{9E211743-85FE-4977-82F3-4F04B40C912D}.release_shared|x86.ActiveCfg = release_shared|x64
		{9E211743-85FE-4977-82F3-4F04B40C912D}.release_static_md|Any CPU.ActiveCfg = release_static_md|x64
		{9E211743-85FE-4977-82F3-4F04B40C912D}.release_static_md|Mixed Platforms.ActiveCfg = release_static_md|x64
		{9E211743-85FE-4977-82F3-4F04B40C912D}.release_static_md|Mixed Platforms.Build.0 = release_static_md|x64
		{9E211743-85FE-4977-82F3-4F04B40C912D}.release_static_md|Win32.ActiveCfg = release_static_md|x64
		{9E211743-85FE-4977-82F3-4F04B40C912D}.release_static_md|x64.ActiveCfg = release_static_md|x64
		{9E211743-85FE-4977-82F3-4F04B40C912D}.release_static_md|x64.Build.0 = release_static_md|x64
		{9E211743-85FE-4977-82F3-4F04B40C912D}.release_static_md|x86.ActiveCfg = release_static_md|x64
		{9E211743-85FE-4977-82F3-4F04B40C912D}.release_static_mt|Any CPU.ActiveCfg = release_static_mt|x64
		{9E211743-85FE-4977-82F3-4F04B40C912D}.release_static_mt|Mixed Platforms.ActiveCfg = release_static_mt|x64
		{9E211743-85FE-4977-82F3-4F04B40C912D}.release_static_mt|Mixed Platforms.Build.0 = release_static_mt|x64
		{9E211743-85FE-4977-82F3-4F04B40C912D}.release_static_mt|Win32.ActiveCfg = release_static_mt|x64
		{9E211743-85FE-4977-82F3-4F04B40C912D}.release_static_mt|x64.ActiveCfg = release_static_mt|x64
		{9E211743-85FE-4977-82F3-4F04B40C912D}.release_static_mt|x64.Build.0 = release_static_mt|x64
		{9E211743-85FE-4977-82F3-4F04B40C912D}.release_static_mt|x86.ActiveCfg = release_static_mt|x64
		{9E211743-85FE-4977-82F3-4F04B40C912D}.Release|Any CPU.ActiveCfg = release_shared|x64
		{9E211743-85FE-4977-82F3-4F04B40C912D}.Release|Mixed Platforms.ActiveCfg = release_shared|x64
		{9E211743-85FE-4977-82F3-4F04B40C912D}.Release|Mixed Platforms.Build.0 = release_shared|x64
		{9E211743-85FE-4977-82F3-4F04B40C912D}.Release|Win32.ActiveCfg = release_shared|x64
		{9E211743-85FE-4977-82F3-4F04B40C912D}.Release|x64.ActiveCfg = release_shared|x64
		{9E211743-85FE-4977-82F3-4F04B40C912D}.Release|x64.Build.0 = release_shared|x64
		{9E211743-85FE-4977-82F3-4F04B40C912D}.Release|x86.ActiveCfg = release_shared|x64
		{65640436-02E2-4F34-A247-0F719E93A9D0}.debug_shared|Any CPU.ActiveCfg = debug_shared|Win32
		{65640436-02E2-4F34-A247-0F719E93A9D0}.debug_shared|Mixed Platforms.ActiveCfg = debug_shared|Win32
		{65640436-02E2-4F34-A247-0F719E93A9D0}.debug_shared|Mixed Platforms.Build.0 = debug_shared|Win32
		{65640436-02E2-4F34-A247-0F719E93A9D0}.debug_shared|Win32.ActiveCfg = debug_shared|Win32
		{65640436-02E2-4F34-A247-0F719E93A9D0}.debug_shared|Win32.Build.0 = debug_shared|Win32
		{65640436-02E2-4F34-A247-0F719E93A9D0}.debug_shared|x64.ActiveCfg = debug_shared|Win32
		{65640436-02E2-4F34-A247-0F719E93A9D0}.debug_shared|x86.ActiveCfg = debug_shared|Win32
		{65640436-02E2-4F34-A247-0F719E93A9D0}.debug_shared|x86.Build.0 = debug_shared|Win32
		{65640436-02E2-4F34-A247-0F719E93A9D0}.debug_static_md|Any CPU.ActiveCfg = debug_static_md|Win32
		{65640436-02E2-4F34-A247-0F719E93A9D0}.debug_static_md|Mixed Platforms.ActiveCfg = debug_static_md|Win32
		{65640436-02E2-4F34-A247-0F719E93A9D0}.debug_static_md|Mixed Platforms.Build.0 = debug_static_md|Win32
		{65640436-02E2-4F34-A247-0F719E93A9D0}.debug_static_md|Win32.ActiveCfg = debug_static_md|Win32
		{65640436-02E2-4F34-A247-0F719E93A9D0}.debug_static_md|Win32.Build.0 = debug_static_md|Win32
		{65640436-02E2-4F34-A247-0F719E93A9D0}.debug_static_md|x64.ActiveCfg = debug_static_md|Win32
		{65640436-02E2-4F34-A247-0F719E93A9D0}.debug_static_md|x86.ActiveCfg = debug_static_md|Win32
		{65640436-02E2-4F34-A247-0F719E93A9D0}.debug_static_md|x86.Build.0 = debug_static_md|Win32
		{65640436-02E2-4F34-A247-0F719E93A9D0}.debug_static_mt|Any CPU.ActiveCfg = debug_static_mt|Win32
		{65640436-02E2-4F34-A247-0F719E93A9D0}.debug_static_mt|Mixed Platforms.ActiveCfg = debug_static_mt|Win32
		{65640436-02E2-4F34-A247-0F719E93A9D0}.debug_static_mt|Mixed Platforms.Build.0 = debug_static_mt|Win32
		{65640436-02E2-4F34-A247-0F719E93A9D0}.debug_static_mt|Win32.ActiveCfg = debug_static_mt|Win32
		{65640436-02E2-4F34-A247-0F719E93A9D0}.debug_static_mt|Win32.Build.0 = debug_static_mt|Win32
		{65640436-02E2-4F34-A247-0F719E93A9D0}.debug_static_mt|x64.ActiveCfg = debug_static_mt|Win32
		{65640436-02E2-4F34-A247-0F719E93A9D0}.debug_static_mt|x86.ActiveCfg = debug_static_mt|Win32
		{65640436-02E2-4F34-A247-0F719E93A9D0}.debug_static_mt|x86.Build.0 = debug_static_mt|Win32
		{65640436-02E2-4F34-A247-0F719E93A9D0}.Debug|Any CPU.ActiveCfg = debug_shared|Win32
		{65640436-02E2-4F34-A247-0F719E93A9D0}.Debug|Mixed Platforms.ActiveCfg = debug_shared|Win32
		{65640436-02E2-4F34-A247-0F719E93A9D0}.Debug|Mixed Platforms.Build.0 = debug_shared|Win32
		{65640436-02E2-4F34-A247-0F719E93A9D0}.Debug|Win32.ActiveCfg = debug_shared|Win32
		{65640436-02E2-4F34-A247-0F719E93A9D0}.Debug|Win32.Build.0 = debug_shared|Win32
		{65640436-02E2-4F34-A247-0F719E93A9D0}.Debug|x64.ActiveCfg = debug_shared|Win32
		{65640436-02E2-4F34-A247-0F719E93A9D0}.Debug|x86.ActiveCfg = debug_shared|Win32
		{65640436-02E2-4F34-A247-0F719E93A9D0}.Debug|x86.Build.0 = debug_shared|Win32
		{65640436-02E2-4F34-A247-0F719E93A9D0}.release_shared|Any CPU.ActiveCfg = release_shared|Win32
		{65640436-02E2-4F34-A247-0F719E93A9D0}.release_shared|Mixed Platforms.ActiveCfg = release_shared|Win32
		{65640436-02E2-4F34-A247-0F719E93A9D0}.release_shared|Mixed Platforms.Build.0 = release_shared|Win32
		{65640436-02E2-4F34-A247-0F719E93A9D0}.release_shared|Win32.ActiveCfg = release_shared|Win32
		{65640436-02E2-4F34-A247-0F719E93A9D0}.release_shared|Win32.Build.0 = release_shared|Win32
		{65640436-02E2-4F34-A247-0F719E93A9D0}.release_shared|x64.ActiveCfg = release_shared|Win32
		{65640436-02E2-4F34-A247-0F719E93A9D0}.release_shared|x86.ActiveCfg = release_shared|Win32
		{65640436-02E2-4F34-A247-0F719E93A9D0}.release_shared|x86.Build.0 = release_shared|Win32
		{65640436-02E2-4F34-A247-0F719E93A9D0}.release_static_md|Any CPU.ActiveCfg = release_static_md|Win32
		{65640436-02E2-4F34-A247-0F719E93A9D0}.release_static_md|Mixed Platforms.ActiveCfg = release_static_md|Win32
		{65640436-02E2-4F34-A247-0F719E93A9D0}.release_static_md|Mixed Platforms.Build.0 = release_static_md|Win32
		{65640436-02E2-4F34-A247-0F719E93A9D0}.release_static_md|Win32.ActiveCfg = release_static_md|Win32
		{65640436-02E2-4F34-A247-0F719E93A9D0}.release_static_md|Win32.Build.0 = release_static_md|Win32
		{65640436-02E2-4F34-A247-0F719E93A9D0}.release_static_md|x64.ActiveCfg = release_static_md|Win32
		{65640436-02E2-4F34-A247-0F719E93A9D0}.release_static_md|x86.ActiveCfg = release_static_md|Win32
		{65640436-02E2-4F34-A247-0F719E93A9D0}.release_static_md|x86.Build.0 = release_static_md|Win32
		{65640436-02E2-4F34-A247-0F719E93A9D0}.release_static_mt|Any CPU.ActiveCfg = release_static_mt|Win32
		{65640436-02E2-4F34-A247-0F719E93A9D0}.release_static_mt|Mixed Platforms.ActiveCfg = release_static_mt|Win32
		{65640436-02E2-4F34-A247-0F719E93A9D0}.release_static_mt|Mixed Platforms.Build.0 = release_static_mt|Win32
		{65640436-02E2-4F34-A247-0F719E93A9D0}.release_static_mt|Win32.ActiveCfg = release_static_mt|Win32
		{65640436-02E2-4F34-A247-0F719E93A9D0}.release_static_mt|Win32.Build.0 = release_static_mt|Win32
		{65640436-02E2-4F34-A247-0F719E93A9D0}.release_static_mt|x64.ActiveCfg = release_static_mt|Win32
		{65640436-02E2-4F34-A247-0F719E93A9D0}.release_static_mt|x86.ActiveCfg = release_static_mt|Win32
		{65640436-02E2-4F34-A247-0F719E93A9D0}.release_static_mt|x86.Build.0 = release_static_mt|Win32
		{65640436-02E2-4F34-A247-0F719E93A9D0}.Release|Any CPU.ActiveCfg = release_shared|Win32
		{65640436-02E2-4F34-A247-0F719E93A9D0}.Release|Mixed Platforms.ActiveCfg = release_shared|Win32
		{65640436-02E2-4F34-A247-0F719E93A9D0}.Release|Mixed Platforms.Build.0 = release_shared|Win32
		{65640436-02E2-4F34-A247-0F719E93A9D0}.Release|Win32.ActiveCfg = release_shared|Win32
		{65640436-02E2-4F34-A247-0F719E93A9D0}.Release|Win32.Build.0 = release_shared|Win32
		{65640436-02E2-4F34-A247-0F719E93A9D0}.Release|x64.ActiveCfg = release_shared|Win32
		{65640436-02E2-4F34-A247-0F719E93A9D0}.Release|x86.ActiveCfg = release_shared|Win32
		{65640436-02E2-4F34-A247-0F719E93A9D0}.Release|x86.Build.0 = release_shared|Win32
		{5B889CE7-AD42-4CFE-BBC3-532B61F8329E}.debug_shared|Any CPU.ActiveCfg = debug_shared|x64
		{5B889CE7-AD42-4CFE-BBC3-532B61F8329E}.debug_shared|Mixed Platforms.ActiveCfg = debug_shared|x64
		{5B889CE7-AD42-4CFE-BBC3-532B61F8329E}.debug_shared|Mixed Platforms.Build.0 = debug_shared|x64
		{5B889CE7-AD42-4CFE-BBC3-532B61F8329E}.debug_shared|Win32.ActiveCfg = debug_shared|x64
		{5B889CE7-AD42-4CFE-BBC3-532B61F8329E}.debug_shared|x64.ActiveCfg = debug_shared|x64
		{5B889CE7-AD42-4CFE-BBC3-532B61F8329E}.debug_shared|x64.Build.0 = debug_shared|x64
		{5B889CE7-AD42-4CFE-BBC3-532B61F8329E}.debug_shared|x86.ActiveCfg = debug_shared|x64
		{5B889CE7-AD42-4CFE-BBC3-532B61F8329E}.debug_static_md|Any CPU.ActiveCfg = debug_static_md|x64
		{5B889CE7-AD42-4CFE-BBC3-532B61F8329E}.debug_static_md|Mixed Platforms.ActiveCfg = debug_static_md|x64
		{5B889CE7-AD42-4CFE-BBC3-532B61F8329E}.debug_static_md|Mixed Platforms.Build.0 = debug_static_md|x64
		{5B889CE7-AD42-4CFE-BBC3-532B61F8329E}.debug_static_md|Win32.ActiveCfg = debug_static_md|x64
		{5B889CE7-AD42-4CFE-BBC3-532B61F8329E}.debug_static_md|x64.ActiveCfg = debug_static_md|x64
		{5B889CE7-AD42-4CFE-BBC3-532B61F8329E}.debug_static_md|x64.Build.0 = debug_static_md|x64
		{5B889CE7-AD42-4CFE-BBC3-532B61F8329E}.debug_static_md|x86.ActiveCfg = debug_static_md|x64
		{5B889CE7-AD42-4CFE-BBC3-532B61F8329E}.debug_static_mt|Any CPU.ActiveCfg = debug_static_mt|x64
		{5B889CE7-AD42-4CFE-BBC3-532B61F8329E}.debug_static_mt|Mixed Platforms.ActiveCfg = debug_static_mt|x64
		{5B889CE7-AD42-4CFE-BBC3-532B61F8329E}.debug_static_mt|Mixed Platforms.Build.0 = debug_static_mt|x64
		{5B889CE7-AD42-4CFE-BBC3-532B61F8329E}.debug_static_mt|Win32.ActiveCfg = debug_static_mt|x64
		{5B889CE7-AD42-4CFE-BBC3-532B61F8329E}.debug_static_mt|x64.ActiveCfg = debug_static_mt|x64
		{5B889CE7-AD42-4CFE-BBC3-532B61F8329E}.debug_static_mt|x64.Build.0 = debug_static_mt|x64
		{5B889CE7-AD42-4CFE-BBC3-532B61F8329E}.debug_static_mt|x86.ActiveCfg = debug_static_mt|x64
		{5B889CE7-AD42-4CFE-BBC3-532B61F8329E}.Debug|Any CPU.ActiveCfg = debug_shared|x64
		{5B889CE7-AD42-4CFE-BBC3-532B61F8329E}.Debug|Mixed Platforms.ActiveCfg = debug_shared|x64
		{5B889CE7-AD42-4CFE-BBC3-532B61F8329E}.Debug|Mixed Platforms.Build.0 = debug_shared|x64
		{5B889CE7-AD42-4CFE-BBC3-532B61F8329E}.Debug|Win32.ActiveCfg = debug_shared|x64
		{5B889CE7-AD42-4CFE-BBC3-532B61F8329E}.Debug|x64.ActiveCfg = debug_shared|x64
		{5B889CE7-AD42-4CFE-BBC3-532B61F8329E}.Debug|x64.Build.0 = debug_shared|x64
		{5B889CE7-AD42-4CFE-BBC3-532B61F8329E}.Debug|x86.ActiveCfg = debug_shared|x64
		{5B889CE7-AD42-4CFE-BBC3-532B61F8329E}.release_shared|Any CPU.ActiveCfg = release_shared|x64
		{5B889CE7-AD42-4CFE-BBC3-532B61F8329E}.release_shared|Mixed Platforms.ActiveCfg = release_shared|x64
		{5B889CE7-AD42-4CFE-BBC3-532B61F8329E}.release_shared|Mixed Platforms.Build.0 = release_shared|x64
		{5B889CE7-AD42-4CFE-BBC3-532B61F8329E}.release_shared|Win32.ActiveCfg = release_shared|x64
		{5B889CE7-AD42-4CFE-BBC3-532B61F8329E}.release_shared|x64.ActiveCfg = release_shared|x64
		{5B889CE7-AD42-4CFE-BBC3-532B61F8329E}.release_shared|x64.Build.0 = release_shared|x64
		{5B889CE7-AD42-4CFE-BBC3-532B61F8329E}.release_shared|x86.ActiveCfg = release_shared|x64
		{5B889CE7-AD42-4CFE-BBC3-532B61F8329E}.release_static_md|Any CPU.ActiveCfg = release_static_md|x64
		{5B889CE7-AD42-4CFE-BBC3-532B61F8329E}.release_static_md|Mixed Platforms.ActiveCfg = release_static_md|x64
		{5B889CE7-AD42-4CFE-BBC3-532B61F8329E}.release_static_md|Mixed Platforms.Build.0 = release_static_md|x64
		{5B889CE7-AD42-4CFE-BBC3-532B61F8329E}.release_static_md|Win32.ActiveCfg = release_static_md|x64
		{5B889CE7-AD42-4CFE-BBC3-532B61F8329E}.release_static_md|x64.ActiveCfg = release_static_md|x64
		{5B889CE7-AD42-4CFE-BBC3-532B61F8329E}.release_static_md|x64.Build.0 = release_static_md|x64
		{5B889CE7-AD42-4CFE-BBC3-532B61F8329E}.release_static_md|x86.ActiveCfg = release_static_md|x64
		{5B889CE7-AD42-4CFE-BBC3-532B61F8329E}.release_static_mt|Any CPU.ActiveCfg = release_static_mt|x64
		{5B889CE7-AD42-4CFE-BBC3-532B61F8329E}.release_static_mt|Mixed Platforms.ActiveCfg = release_static_mt|x64
		{5B889CE7-AD42-4CFE-BBC3-532B61F8329E}.release_static_mt|Mixed Platforms.Build.0 = release_static_mt|x64
		{5B889CE7-AD42-4CFE-BBC3-532B61F8329E}.release_static_mt|Win32.ActiveCfg = release_static_mt|x64
		{5B889CE7-AD42-4CFE-BBC3-532B61F8329E}.release_static_mt|x64.ActiveCfg = release_static_mt|x64
		{5B889CE7-AD42-4CFE-BBC3-532B61F8329E}.release_static_mt|x64.Build.0 = release_static_mt|x64
		{5B889CE7-AD42-4CFE-BBC3-532B61F8329E}.release_static_mt|x86.ActiveCfg = release_static_mt|x64
		{5B889CE7-AD42-4CFE-BBC3-532B61F8329E}.Release|Any CPU.ActiveCfg = release_shared|x64
		{5B889CE7-AD42-4CFE-BBC3-532B61F8329E}.Release|Mixed Platforms.ActiveCfg = release_shared|x64
		{5B889CE7-AD42-4CFE-BBC3-532B61F8329E}.Release|Mixed Platforms.Build.0 = release_shared|x64
		{5B889CE7-AD42-4CFE-BBC3-532B61F8329E}.Release|Win32.ActiveCfg = release_shared|x64
		{5B889CE7-AD42-4CFE-BBC3-532B61F8329E}.Release|x64.ActiveCfg = release_shared|x64
		{5B889CE7-AD42-4CFE-BBC3-532B61F8329E}.Release|x64.Build.0 = release_shared|x64
		{5B889CE7-AD42-4CFE-BBC3-532B61F8329E}.Release|x86.ActiveCfg = release_shared|x64
		{8E660F15-ED4C-45B9-8BF6-11A602F6BE82}.debug_shared|Any CPU.ActiveCfg = debug_shared|Win32
		{8E660F15-ED4C-45B9-8BF6-11A602F6BE82}.debug_shared|Mixed Platforms.ActiveCfg = debug_shared|Win32
		{8E660F15-ED4C-45B9-8BF6-11A602F6BE82}.debug_shared|Mixed Platforms.Build.0 = debug_shared|Win32
		{8E660F15-ED4C-45B9-8BF6-11A602F6BE82}.debug_shared|Win32.ActiveCfg = debug_shared|Win32
		{8E660F15-ED4C-45B9-8BF6-11A602F6BE82}.debug_shared|Win32.Build.0 = debug_shared|Win32
		{8E660F15-ED4C-45B9-8BF6-11A602F6BE82}.debug_shared|x64.ActiveCfg = debug_shared|Win32
		{8E660F15-ED4C-45B9-8BF6-11A602F6BE82}.debug_shared|x86.ActiveCfg = debug_shared|Win32
		{8E660F15-ED4C-45B9-8BF6-11A602F6BE82}.debug_shared|x86.Build.0 = debug_shared|Win32
		{8E660F15-ED4C-45B9-8BF6-11A602F6BE82}.debug_static_md|Any CPU.ActiveCfg = debug_static_md|Win32
		{8E660F15-ED4C-45B9-8BF6-11A602F6BE82}.debug_static_md|Mixed Platforms.ActiveCfg = debug_static_md|Win32
		{8E660F15-ED4C-45B9-8BF6-11A602F6BE82}.debug_static_md|Mixed Platforms.Build.0 = debug_static_md|Win32
		{8E660F15-ED4C-45B9-8BF6-11A602F6BE82}.debug_static_md|Win32.ActiveCfg = debug_static_md|Win32
		{8E660F15-ED4C-45B9-8BF6-11A602F6BE82}.debug_static_md|Win32.Build.0 = debug_static_md|Win32
		{8E660F15-ED4C-45B9-8BF6-11A602F6BE82}.debug_static_md|x64.ActiveCfg = debug_static_md|Win32
		{8E660F15-ED4C-45B9-8BF6-11A602F6BE82}.debug_static_md|x86.ActiveCfg = debug_static_md|Win32
		{8E660F15-ED4C-45B9-8BF6-11A602F6BE82}.debug_static_md|x86.Build.0 = debug_static_md|Win32
		{8E660F15-ED4C-45B9-8BF6-11A602F6BE82}.debug_static_mt|Any CPU.ActiveCfg = debug_static_mt|Win32
		{8E660F15-ED4C-45B9-8BF6-11A602F6BE82}.debug_static_mt|Mixed Platforms.ActiveCfg = debug_static_mt|Win32
		{8E660F15-ED4C-45B9-8BF6-11A602F6BE82}.debug_static_mt|Mixed Platforms.Build.0 = debug_static_mt|Win32
		{8E660F15-ED4C-45B9-8BF6-11A602F6BE82}.debug_static_mt|Win32.ActiveCfg = debug_static_mt|Win32
		{8E660F15-ED4C-45B9-8BF6-11A602F6BE82}.debug_static_mt|Win32.Build.0 = debug_static_mt|Win32
		{8E660F15-ED4C-45B9-8BF6-11A602F6BE82}.debug_static_mt|x64.ActiveCfg = debug_static_mt|Win32
		{8E660F15-ED4C-45B9-8BF6-11A602F6BE82}.debug_static_mt|x86.ActiveCfg = debug_static_mt|Win32
		{8E660F15-ED4C-45B9-8BF6-11A602F6BE82}.debug_static_mt|x86.Build.0 = debug_static_mt|Win32
		{8E660F15-ED4C-45B9-8BF6-11A602F6BE82}.Debug|Any CPU.ActiveCfg = debug_shared|Win32
		{8E660F15-ED4C-45B9-8BF6-11A602F6BE82}.Debug|Mixed Platforms.ActiveCfg = debug_shared|Win32
		{8E660F15-ED4C-45B9-8BF6-11A602F6BE82}.Debug|Mixed Platforms.Build.0 = debug_shared|Win32
		{8E660F15-ED4C-45B9-8BF6-11A602F6BE82}.Debug|Win32.ActiveCfg = debug_shared|Win32
		{8E660F15-ED4C-45B9-8BF6-11A602F6BE82}.Debug|Win32.Build.0 = debug_shared|Win32
		{8E660F15-ED4C-45B9-8BF6-11A602F6BE82}.Debug|x64.ActiveCfg = debug_shared|Win32
		{8E660F15-ED4C-45B9-8BF6-11A602F6BE82}.Debug|x86.ActiveCfg = debug_shared|Win32
		{8E660F15-ED4C-45B9-8BF6-11A602F6BE82}.Debug|x86.Build.0 = debug_shared|Win32
		{8E660F15-ED4C-45B9-8BF6-11A602F6BE82}.release_shared|Any CPU.ActiveCfg = release_shared|Win32
		{8E660F15-ED4C-45B9-8BF6-11A602F6BE82}.release_shared|Mixed Platforms.ActiveCfg = release_shared|Win32
		{8E660F15-ED4C-45B9-8BF6-11A602F6BE82}.release_shared|Mixed Platforms.Build.0 = release_shared|Win32
		{8E660F15-ED4C-45B9-8BF6-11A602F6BE82}.release_shared|Win32.ActiveCfg = release_shared|Win32
		{8E660F15-ED4C-45B9-8BF6-11A602F6BE82}.release_shared|Win32.Build.0 = release_shared|Win32
		{8E660F15-ED4C-45B9-8BF6-11A602F6BE82}.release_shared|x64.ActiveCfg = release_shared|Win32
		{8E660F15-ED4C-45B9-8BF6-11A602F6BE82}.release_shared|x86.ActiveCfg = release_shared|Win32
		{8E660F15-ED4C-45B9-8BF6-11A602F6BE82}.release_shared|x86.Build.0 = release_shared|Win32
		{8E660F15-ED4C-45B9-8BF6-11A602F6BE82}.release_static_md|Any CPU.ActiveCfg = release_static_md|Win32
		{8E660F15-ED4C-45B9-8BF6-11A602F6BE82}.release_static_md|Mixed Platforms.ActiveCfg = release_static_md|Win32
		{8E660F15-ED4C-45B9-8BF6-11A602F6BE82}.release_static_md|Mixed Platforms.Build.0 = release_static_md|Win32
		{8E660F15-ED4C-45B9-8BF6-11A602F6BE82}.release_static_md|Win32.ActiveCfg = release_static_md|Win32
		{8E660F15-ED4C-45B9-8BF6-11A602F6BE82}.release_static_md|Win32.Build.0 = release_static_md|Win32
		{8E660F15-ED4C-45B9-8BF6-11A602F6BE82}.release_static_md|x64.ActiveCfg = release_static_md|Win32
		{8E660F15-ED4C-45B9-8BF6-11A602F6BE82}.release_static_md|x86.ActiveCfg = release_static_md|Win32
		{8E660F15-ED4C-45B9-8BF6-11A602F6BE82}.release_static_md|x86.Build.0 = release_static_md|Win32
		{8E660F15-ED4C-45B9-8BF6-11A602F6BE82}.release_static_mt|Any CPU.ActiveCfg = release_static_mt|Win32
		{8E660F15-ED4C-45B9-8BF6-11A602F6BE82}.release_static_mt|Mixed Platforms.ActiveCfg = release_static_mt|Win32
		{8E660F15-ED4C-45B9-8BF6-11A602F6BE82}.release_static_mt|Mixed Platforms.Build.0 = release_static_mt|Win32
		{8E660F15-ED4C-45B9-8BF6-11A602F6BE82}.release_static_mt|Win32.ActiveCfg = release_static_mt|Win32
		{8E660F15-ED4C-45B9-8BF6-11A602F6BE82}.release_static_mt|Win32.Build.0 = release_static_mt|Win32
		{8E660F15-ED4C-45B9-8BF6-11A602F6BE82}.release_static_mt|x64.ActiveCfg = release_static_mt|Win32
		{8E660F15-ED4C-45B9-8BF6-11A602F6BE82}.release_static_mt|x86.ActiveCfg = release_static_mt|Win32
		{8E660F15-ED4C-45B9-8BF6-11A602F6BE82}.release_static_mt|x86.Build.0 = release_static_mt|Win32
		{8E660F15-ED4C-45B9-8BF6-11A602F6BE82}.Release|Any CPU.ActiveCfg = release_shared|Win32
		{8E660F15-ED4C-45B9-8BF6-11A602F6BE82}.Release|Mixed Platforms.ActiveCfg = release_shared|Win32
		{8E660F15-ED4C-45B9-8BF6-11A602F6BE82}.Release|Mixed Platforms.Build.0 = release_shared|Win32
		{8E660F15-ED4C-45B9-8BF6-11A602F6BE82}.Release|Win32.ActiveCfg = release_shared|Win32
		{8E660F15-ED4C-45B9-8BF6-11A602F6BE82}.Release|Win32.Build.0 = release_shared|Win32
		{8E660F15-ED4C-45B9-8BF6-11A602F6BE82}.Release|x64.ActiveCfg = release_shared|Win32
		{8E660F15-ED4C-45B9-8BF6-11A602F6BE82}.Release|x86.ActiveCfg = release_shared|Win32
		{8E660F15-ED4C-45B9-8BF6-11A602F6BE82}.Release|x86.Build.0 = release_shared|Win32
	EndGlobalSection
	GlobalSection(SolutionProperties) = preSolution
		HideSolutionNode = FALSE
	EndGlobalSection
	GlobalSection(NestedProjects) = preSolution
		{EB736A34-3D57-4F65-AC41-6C021E7C3125} = {1DF681D2-19BB-4486-B92B-7404F59F17A5}
		{649D1913-E747-4A71-918D-67DE2185BAC3} = {1DF681D2-19BB-4486-B92B-7404F59F17A5}
		{B053AB5F-A8DD-4E25-8F8A-F2A79B6336BE} = {1DF681D2-19BB-4486-B92B-7404F59F17A5}
		{63F7861F-A28C-4E5F-BB5A-90F180BF86D8} = {DA8068A2-AA02-4767-B275-613368586013}
		{ABDE2631-1F7E-4959-B020-D1762FD1C579} = {B053AB5F-A8DD-4E25-8F8A-F2A79B6336BE}
		{A5C5B7B9-D9E5-430C-BC71-8C83B82D0CF3} = {ABDE2631-1F7E-4959-B020-D1762FD1C579}
		{4CE7EDBF-7C8B-4219-9E6C-B52D60BE3566} = {ABDE2631-1F7E-4959-B020-D1762FD1C579}
		{E403A980-08A0-48D7-8C71-671C0E0BC6B9} = {A5C5B7B9-D9E5-430C-BC71-8C83B82D0CF3}
		{B05C6219-EC9E-4069-B6BF-AAD424D1AB12} = {A5C5B7B9-D9E5-430C-BC71-8C83B82D0CF3}
		{FB68BF3D-4925-4773-A937-D04C59627BE3} = {A5C5B7B9-D9E5-430C-BC71-8C83B82D0CF3}
		{65640436-02E2-4F34-A247-0F719E93A9D0} = {A5C5B7B9-D9E5-430C-BC71-8C83B82D0CF3}
		{1A940E93-7F05-4D79-B715-6354D76AC62D} = {A5C5B7B9-D9E5-430C-BC71-8C83B82D0CF3}
		{8E660F15-ED4C-45B9-8BF6-11A602F6BE82} = {A5C5B7B9-D9E5-430C-BC71-8C83B82D0CF3}
		{6FF56CDB-787A-4714-A28C-919003F9FA6C} = {4CE7EDBF-7C8B-4219-9E6C-B52D60BE3566}
		{240E83C3-368D-11DB-9FBC-00123FC423B5} = {4CE7EDBF-7C8B-4219-9E6C-B52D60BE3566}
		{9E211743-85FE-4977-82F3-4F04B40C912D} = {4CE7EDBF-7C8B-4219-9E6C-B52D60BE3566}
		{8164D41D-B053-405B-826C-CF37AC0EF176} = {4CE7EDBF-7C8B-4219-9E6C-B52D60BE3566}
		{B057A1FE-09F7-465E-B8B5-E1B659051D76} = {4CE7EDBF-7C8B-4219-9E6C-B52D60BE3566}
		{5B889CE7-AD42-4CFE-BBC3-532B61F8329E} = {4CE7EDBF-7C8B-4219-9E6C-B52D60BE3566}
	EndGlobalSection
EndGlobal
